// !$*UTF8*$!
{
	archiveVersion = 1;
	classes = {
	};
	objectVersion = 46;
	objects = {

/* Begin PBXBuildFile section */
		51EC4EBFEE8707B88B12F1D6 /* libPods.a in Frameworks */ = {isa = PBXBuildFile; fileRef = 3623333C672AEC32137EE106 /* libPods.a */; };
		9B2EF7C31C084EA800234B57 /* Info.plist in Resources */ = {isa = PBXBuildFile; fileRef = 9B2EF7C21C084EA800234B57 /* Info.plist */; };
		9B2EF7CA1C0850CB00234B57 /* InfoPlist.strings in Resources */ = {isa = PBXBuildFile; fileRef = 9B2EF7CC1C0850CB00234B57 /* InfoPlist.strings */; };
		9B2EF7D11C0853C100234B57 /* Localizable.strings in Resources */ = {isa = PBXBuildFile; fileRef = 9B2EF7D31C0853C100234B57 /* Localizable.strings */; };
		9B40C8FD1C082F0B00C49D43 /* ListDatabaseViewController.m in Sources */ = {isa = PBXBuildFile; fileRef = 9B40C8FC1C082F0B00C49D43 /* ListDatabaseViewController.m */; };
		9B40C9001C082F5E00C49D43 /* InternationalViewController.m in Sources */ = {isa = PBXBuildFile; fileRef = 9B40C8FF1C082F5E00C49D43 /* InternationalViewController.m */; };
		9B40C9031C082FA700C49D43 /* SuitableViewController.m in Sources */ = {isa = PBXBuildFile; fileRef = 9B40C9021C082FA700C49D43 /* SuitableViewController.m */; };
		9B40C9061C082FB600C49D43 /* CocoaViewController.m in Sources */ = {isa = PBXBuildFile; fileRef = 9B40C9051C082FB600C49D43 /* CocoaViewController.m */; };
		9B4420061C0D2C9F00FA620E /* LocalPushViewController.m in Sources */ = {isa = PBXBuildFile; fileRef = 9B4420051C0D2C9F00FA620E /* LocalPushViewController.m */; };
		9B4420091C0D2CBA00FA620E /* JGPushViewController.m in Sources */ = {isa = PBXBuildFile; fileRef = 9B4420081C0D2CBA00FA620E /* JGPushViewController.m */; };
		9B44200E1C0D2DF600FA620E /* libPushSDK-1.8.8.a in Frameworks */ = {isa = PBXBuildFile; fileRef = 9B44200D1C0D2DF600FA620E /* libPushSDK-1.8.8.a */; };
		9B4420101C0D2E2900FA620E /* libz.tbd in Frameworks */ = {isa = PBXBuildFile; fileRef = 9B44200F1C0D2E2900FA620E /* libz.tbd */; };
		9B4420121C0D2E3300FA620E /* Security.framework in Frameworks */ = {isa = PBXBuildFile; fileRef = 9B4420111C0D2E3300FA620E /* Security.framework */; };
		9B4420141C0D2E4E00FA620E /* SystemConfiguration.framework in Frameworks */ = {isa = PBXBuildFile; fileRef = 9B4420131C0D2E4E00FA620E /* SystemConfiguration.framework */; };
		9B4420161C0D2E5C00FA620E /* CoreTelephony.framework in Frameworks */ = {isa = PBXBuildFile; fileRef = 9B4420151C0D2E5C00FA620E /* CoreTelephony.framework */; };
		9B4420181C0D2E7100FA620E /* CoreFoundation.framework in Frameworks */ = {isa = PBXBuildFile; fileRef = 9B4420171C0D2E7100FA620E /* CoreFoundation.framework */; };
		9B44201A1C0D2E7D00FA620E /* CFNetwork.framework in Frameworks */ = {isa = PBXBuildFile; fileRef = 9B4420191C0D2E7D00FA620E /* CFNetwork.framework */; };
		9B8787B91C07EDD70094FEA1 /* MemoryWarningViewController.m in Sources */ = {isa = PBXBuildFile; fileRef = 9B8787B81C07EDD70094FEA1 /* MemoryWarningViewController.m */; };
		9B8787CA1C07EE0F0094FEA1 /* ApplicableViewController.m in Sources */ = {isa = PBXBuildFile; fileRef = 9B8787BB1C07EE0F0094FEA1 /* ApplicableViewController.m */; };
		9B9142991C076A9400D7ABF7 /* main.m in Sources */ = {isa = PBXBuildFile; fileRef = 9B9142981C076A9400D7ABF7 /* main.m */; };
		9B91429C1C076A9400D7ABF7 /* AppDelegate.m in Sources */ = {isa = PBXBuildFile; fileRef = 9B91429B1C076A9400D7ABF7 /* AppDelegate.m */; };
		9B91429F1C076A9400D7ABF7 /* ViewController.m in Sources */ = {isa = PBXBuildFile; fileRef = 9B91429E1C076A9400D7ABF7 /* ViewController.m */; };
		9B9142A21C076A9400D7ABF7 /* Main.storyboard in Resources */ = {isa = PBXBuildFile; fileRef = 9B9142A01C076A9400D7ABF7 /* Main.storyboard */; };
		9B9142A41C076A9400D7ABF7 /* Assets.xcassets in Resources */ = {isa = PBXBuildFile; fileRef = 9B9142A31C076A9400D7ABF7 /* Assets.xcassets */; };
		9B9142A71C076A9400D7ABF7 /* LaunchScreen.storyboard in Resources */ = {isa = PBXBuildFile; fileRef = 9B9142A51C076A9400D7ABF7 /* LaunchScreen.storyboard */; };
		9B9142B21C076A9400D7ABF7 /* MeakelraTests.m in Sources */ = {isa = PBXBuildFile; fileRef = 9B9142B11C076A9400D7ABF7 /* MeakelraTests.m */; };
		9B9142BD1C076A9400D7ABF7 /* MeakelraUITests.m in Sources */ = {isa = PBXBuildFile; fileRef = 9B9142BC1C076A9400D7ABF7 /* MeakelraUITests.m */; };
		9B9142E91C076B2E00D7ABF7 /* libzbar.a in Frameworks */ = {isa = PBXBuildFile; fileRef = 9B9142E31C076B2E00D7ABF7 /* libzbar.a */; };
		9B9142EA1C076B2E00D7ABF7 /* zbar-back.png in Resources */ = {isa = PBXBuildFile; fileRef = 9B9142E51C076B2E00D7ABF7 /* zbar-back.png */; };
		9B9142EB1C076B2E00D7ABF7 /* zbar-help.html in Resources */ = {isa = PBXBuildFile; fileRef = 9B9142E61C076B2E00D7ABF7 /* zbar-help.html */; };
		9B9142EC1C076B2E00D7ABF7 /* zbar-helpicons.png in Resources */ = {isa = PBXBuildFile; fileRef = 9B9142E71C076B2E00D7ABF7 /* zbar-helpicons.png */; };
		9B9142ED1C076B2E00D7ABF7 /* zbar-samples.png in Resources */ = {isa = PBXBuildFile; fileRef = 9B9142E81C076B2E00D7ABF7 /* zbar-samples.png */; };
		9B9143011C076BD400D7ABF7 /* bitstream.c in Sources */ = {isa = PBXBuildFile; fileRef = 9B9142F11C076BD400D7ABF7 /* bitstream.c */; };
		9B9143021C076BD400D7ABF7 /* mask.c in Sources */ = {isa = PBXBuildFile; fileRef = 9B9142F31C076BD400D7ABF7 /* mask.c */; };
		9B9143031C076BD400D7ABF7 /* QRCodeGenerator.m in Sources */ = {isa = PBXBuildFile; fileRef = 9B9142F61C076BD400D7ABF7 /* QRCodeGenerator.m */; };
		9B9143041C076BD400D7ABF7 /* qrencode.c in Sources */ = {isa = PBXBuildFile; fileRef = 9B9142F71C076BD400D7ABF7 /* qrencode.c */; };
		9B9143051C076BD400D7ABF7 /* qrinput.c in Sources */ = {isa = PBXBuildFile; fileRef = 9B9142F91C076BD400D7ABF7 /* qrinput.c */; };
		9B9143061C076BD400D7ABF7 /* qrspec.c in Sources */ = {isa = PBXBuildFile; fileRef = 9B9142FB1C076BD400D7ABF7 /* qrspec.c */; };
		9B9143071C076BD400D7ABF7 /* rscode.c in Sources */ = {isa = PBXBuildFile; fileRef = 9B9142FD1C076BD400D7ABF7 /* rscode.c */; };
		9B9143081C076BD400D7ABF7 /* split.c in Sources */ = {isa = PBXBuildFile; fileRef = 9B9142FF1C076BD400D7ABF7 /* split.c */; };
		9B9973B11C07EB69009DD5ED /* BaseViewController.m in Sources */ = {isa = PBXBuildFile; fileRef = 9B9973AC1C07EB69009DD5ED /* BaseViewController.m */; };
		9B9973B21C07EB69009DD5ED /* CustomTabBarController.m in Sources */ = {isa = PBXBuildFile; fileRef = 9B9973AE1C07EB69009DD5ED /* CustomTabBarController.m */; };
		9B9973B31C07EB69009DD5ED /* RootViewController.m in Sources */ = {isa = PBXBuildFile; fileRef = 9B9973B01C07EB69009DD5ED /* RootViewController.m */; };
		9B9973B61C07EB90009DD5ED /* LocalViewController.m in Sources */ = {isa = PBXBuildFile; fileRef = 9B9973B51C07EB90009DD5ED /* LocalViewController.m */; };
		9B9973B91C07EBA4009DD5ED /* AdditionViewController.m in Sources */ = {isa = PBXBuildFile; fileRef = 9B9973B81C07EBA4009DD5ED /* AdditionViewController.m */; };
		9B9973BC1C07EBBD009DD5ED /* HttpViewController.m in Sources */ = {isa = PBXBuildFile; fileRef = 9B9973BB1C07EBBD009DD5ED /* HttpViewController.m */; };
		9B9973C51C07EC5E009DD5ED /* CodeViewController.m in Sources */ = {isa = PBXBuildFile; fileRef = 9B9973BE1C07EC5E009DD5ED /* CodeViewController.m */; };
		9B9973C61C07EC5E009DD5ED /* line@2x.png in Resources */ = {isa = PBXBuildFile; fileRef = 9B9973BF1C07EC5E009DD5ED /* line@2x.png */; };
		9B9973C71C07EC5E009DD5ED /* pick_bg@2x.png in Resources */ = {isa = PBXBuildFile; fileRef = 9B9973C01C07EC5E009DD5ED /* pick_bg@2x.png */; };
		9B9973C81C07EC5E009DD5ED /* SystemCodeViewController.m in Sources */ = {isa = PBXBuildFile; fileRef = 9B9973C21C07EC5E009DD5ED /* SystemCodeViewController.m */; };
		9B9973C91C07EC5E009DD5ED /* ZBarCodeViewController.m in Sources */ = {isa = PBXBuildFile; fileRef = 9B9973C41C07EC5E009DD5ED /* ZBarCodeViewController.m */; };
		9B9973CC1C07EC7E009DD5ED /* MakeCodeViewController.m in Sources */ = {isa = PBXBuildFile; fileRef = 9B9973CB1C07EC7E009DD5ED /* MakeCodeViewController.m */; };
		9B9973CE1C07ECB2009DD5ED /* CoreGraphics.framework in Frameworks */ = {isa = PBXBuildFile; fileRef = 9B9973CD1C07ECB2009DD5ED /* CoreGraphics.framework */; };
		9B9973D01C07ECBC009DD5ED /* UIKit.framework in Frameworks */ = {isa = PBXBuildFile; fileRef = 9B9973CF1C07ECBC009DD5ED /* UIKit.framework */; };
		9B9973D21C07ECC3009DD5ED /* Foundation.framework in Frameworks */ = {isa = PBXBuildFile; fileRef = 9B9973D11C07ECC3009DD5ED /* Foundation.framework */; };
		9B9973D41C07ECD6009DD5ED /* libiconv.tbd in Frameworks */ = {isa = PBXBuildFile; fileRef = 9B9973D31C07ECD6009DD5ED /* libiconv.tbd */; };
		9B9973D61C07ECE5009DD5ED /* QuartzCore.framework in Frameworks */ = {isa = PBXBuildFile; fileRef = 9B9973D51C07ECE5009DD5ED /* QuartzCore.framework */; };
		9B9973D81C07ECEC009DD5ED /* CoreMedia.framework in Frameworks */ = {isa = PBXBuildFile; fileRef = 9B9973D71C07ECEC009DD5ED /* CoreMedia.framework */; };
		9B9973DA1C07ECF5009DD5ED /* CoreVideo.framework in Frameworks */ = {isa = PBXBuildFile; fileRef = 9B9973D91C07ECF5009DD5ED /* CoreVideo.framework */; };
		9B9973DC1C07ECFF009DD5ED /* AVFoundation.framework in Frameworks */ = {isa = PBXBuildFile; fileRef = 9B9973DB1C07ECFF009DD5ED /* AVFoundation.framework */; };
		9BBD59471C0C2A3B004DA77F /* UpdataViewController.m in Sources */ = {isa = PBXBuildFile; fileRef = 9BBD59461C0C2A3B004DA77F /* UpdataViewController.m */; };
		9BBD594A1C0C2A73004DA77F /* CheckNetViewController.m in Sources */ = {isa = PBXBuildFile; fileRef = 9BBD59491C0C2A73004DA77F /* CheckNetViewController.m */; };
		9BBD594D1C0C2A9E004DA77F /* InstructionsViewController.m in Sources */ = {isa = PBXBuildFile; fileRef = 9BBD594C1C0C2A9E004DA77F /* InstructionsViewController.m */; };
		9BBD59501C0C2B3D004DA77F /* PushViewController.m in Sources */ = {isa = PBXBuildFile; fileRef = 9BBD594F1C0C2B3D004DA77F /* PushViewController.m */; };
/* End PBXBuildFile section */

/* Begin PBXContainerItemProxy section */
		9B9142AE1C076A9400D7ABF7 /* PBXContainerItemProxy */ = {
			isa = PBXContainerItemProxy;
			containerPortal = 9B91428C1C076A9400D7ABF7 /* Project object */;
			proxyType = 1;
			remoteGlobalIDString = 9B9142931C076A9400D7ABF7;
			remoteInfo = Meakelra;
		};
		9B9142B91C076A9400D7ABF7 /* PBXContainerItemProxy */ = {
			isa = PBXContainerItemProxy;
			containerPortal = 9B91428C1C076A9400D7ABF7 /* Project object */;
			proxyType = 1;
			remoteGlobalIDString = 9B9142931C076A9400D7ABF7;
			remoteInfo = Meakelra;
		};
/* End PBXContainerItemProxy section */

/* Begin PBXFileReference section */
		3623333C672AEC32137EE106 /* libPods.a */ = {isa = PBXFileReference; explicitFileType = archive.ar; includeInIndex = 0; path = libPods.a; sourceTree = BUILT_PRODUCTS_DIR; };
		9B2EF7C21C084EA800234B57 /* Info.plist */ = {isa = PBXFileReference; fileEncoding = 4; lastKnownFileType = text.plist.xml; path = Info.plist; sourceTree = "<group>"; };
		9B2EF7C61C0850B400234B57 /* en */ = {isa = PBXFileReference; lastKnownFileType = text.plist.strings; name = en; path = en.lproj/Main.strings; sourceTree = "<group>"; };
		9B2EF7C71C0850B400234B57 /* en */ = {isa = PBXFileReference; lastKnownFileType = text.plist.strings; name = en; path = en.lproj/LaunchScreen.strings; sourceTree = "<group>"; };
		9B2EF7C81C0850BE00234B57 /* zh-Hans */ = {isa = PBXFileReference; lastKnownFileType = text.plist.strings; name = "zh-Hans"; path = "zh-Hans.lproj/Main.strings"; sourceTree = "<group>"; };
		9B2EF7C91C0850BE00234B57 /* zh-Hans */ = {isa = PBXFileReference; lastKnownFileType = text.plist.strings; name = "zh-Hans"; path = "zh-Hans.lproj/LaunchScreen.strings"; sourceTree = "<group>"; };
		9B2EF7CB1C0850CB00234B57 /* en */ = {isa = PBXFileReference; lastKnownFileType = text.plist.strings; name = en; path = en.lproj/InfoPlist.strings; sourceTree = "<group>"; };
		9B2EF7CD1C0850CD00234B57 /* zh-Hans */ = {isa = PBXFileReference; lastKnownFileType = text.plist.strings; name = "zh-Hans"; path = "zh-Hans.lproj/InfoPlist.strings"; sourceTree = "<group>"; };
		9B2EF7D41C0853C200234B57 /* zh-Hans */ = {isa = PBXFileReference; lastKnownFileType = text.plist.strings; name = "zh-Hans"; path = "zh-Hans.lproj/Localizable.strings"; sourceTree = "<group>"; };
		9B2EF7D51C0853C300234B57 /* en */ = {isa = PBXFileReference; lastKnownFileType = text.plist.strings; name = en; path = en.lproj/Localizable.strings; sourceTree = "<group>"; };
		9B40C8FB1C082F0B00C49D43 /* ListDatabaseViewController.h */ = {isa = PBXFileReference; fileEncoding = 4; lastKnownFileType = sourcecode.c.h; path = ListDatabaseViewController.h; sourceTree = "<group>"; };
		9B40C8FC1C082F0B00C49D43 /* ListDatabaseViewController.m */ = {isa = PBXFileReference; fileEncoding = 4; lastKnownFileType = sourcecode.c.objc; path = ListDatabaseViewController.m; sourceTree = "<group>"; };
		9B40C8FE1C082F5E00C49D43 /* InternationalViewController.h */ = {isa = PBXFileReference; fileEncoding = 4; lastKnownFileType = sourcecode.c.h; path = InternationalViewController.h; sourceTree = "<group>"; };
		9B40C8FF1C082F5E00C49D43 /* InternationalViewController.m */ = {isa = PBXFileReference; fileEncoding = 4; lastKnownFileType = sourcecode.c.objc; path = InternationalViewController.m; sourceTree = "<group>"; };
		9B40C9011C082FA700C49D43 /* SuitableViewController.h */ = {isa = PBXFileReference; fileEncoding = 4; lastKnownFileType = sourcecode.c.h; path = SuitableViewController.h; sourceTree = "<group>"; };
		9B40C9021C082FA700C49D43 /* SuitableViewController.m */ = {isa = PBXFileReference; fileEncoding = 4; lastKnownFileType = sourcecode.c.objc; path = SuitableViewController.m; sourceTree = "<group>"; };
		9B40C9041C082FB600C49D43 /* CocoaViewController.h */ = {isa = PBXFileReference; fileEncoding = 4; lastKnownFileType = sourcecode.c.h; path = CocoaViewController.h; sourceTree = "<group>"; };
		9B40C9051C082FB600C49D43 /* CocoaViewController.m */ = {isa = PBXFileReference; fileEncoding = 4; lastKnownFileType = sourcecode.c.objc; path = CocoaViewController.m; sourceTree = "<group>"; };
		9B4420041C0D2C9F00FA620E /* LocalPushViewController.h */ = {isa = PBXFileReference; fileEncoding = 4; lastKnownFileType = sourcecode.c.h; path = LocalPushViewController.h; sourceTree = "<group>"; };
		9B4420051C0D2C9F00FA620E /* LocalPushViewController.m */ = {isa = PBXFileReference; fileEncoding = 4; lastKnownFileType = sourcecode.c.objc; path = LocalPushViewController.m; sourceTree = "<group>"; };
		9B4420071C0D2CBA00FA620E /* JGPushViewController.h */ = {isa = PBXFileReference; fileEncoding = 4; lastKnownFileType = sourcecode.c.h; path = JGPushViewController.h; sourceTree = "<group>"; };
		9B4420081C0D2CBA00FA620E /* JGPushViewController.m */ = {isa = PBXFileReference; fileEncoding = 4; lastKnownFileType = sourcecode.c.objc; path = JGPushViewController.m; sourceTree = "<group>"; };
		9B44200C1C0D2DF600FA620E /* APService.h */ = {isa = PBXFileReference; fileEncoding = 4; lastKnownFileType = sourcecode.c.h; path = APService.h; sourceTree = "<group>"; };
		9B44200D1C0D2DF600FA620E /* libPushSDK-1.8.8.a */ = {isa = PBXFileReference; lastKnownFileType = archive.ar; path = "libPushSDK-1.8.8.a"; sourceTree = "<group>"; };
		9B44200F1C0D2E2900FA620E /* libz.tbd */ = {isa = PBXFileReference; lastKnownFileType = "sourcecode.text-based-dylib-definition"; name = libz.tbd; path = usr/lib/libz.tbd; sourceTree = SDKROOT; };
		9B4420111C0D2E3300FA620E /* Security.framework */ = {isa = PBXFileReference; lastKnownFileType = wrapper.framework; name = Security.framework; path = System/Library/Frameworks/Security.framework; sourceTree = SDKROOT; };
		9B4420131C0D2E4E00FA620E /* SystemConfiguration.framework */ = {isa = PBXFileReference; lastKnownFileType = wrapper.framework; name = SystemConfiguration.framework; path = System/Library/Frameworks/SystemConfiguration.framework; sourceTree = SDKROOT; };
		9B4420151C0D2E5C00FA620E /* CoreTelephony.framework */ = {isa = PBXFileReference; lastKnownFileType = wrapper.framework; name = CoreTelephony.framework; path = System/Library/Frameworks/CoreTelephony.framework; sourceTree = SDKROOT; };
		9B4420171C0D2E7100FA620E /* CoreFoundation.framework */ = {isa = PBXFileReference; lastKnownFileType = wrapper.framework; name = CoreFoundation.framework; path = System/Library/Frameworks/CoreFoundation.framework; sourceTree = SDKROOT; };
		9B4420191C0D2E7D00FA620E /* CFNetwork.framework */ = {isa = PBXFileReference; lastKnownFileType = wrapper.framework; name = CFNetwork.framework; path = System/Library/Frameworks/CFNetwork.framework; sourceTree = SDKROOT; };
		9B8787B71C07EDD70094FEA1 /* MemoryWarningViewController.h */ = {isa = PBXFileReference; fileEncoding = 4; lastKnownFileType = sourcecode.c.h; path = MemoryWarningViewController.h; sourceTree = "<group>"; };
		9B8787B81C07EDD70094FEA1 /* MemoryWarningViewController.m */ = {isa = PBXFileReference; fileEncoding = 4; lastKnownFileType = sourcecode.c.objc; path = MemoryWarningViewController.m; sourceTree = "<group>"; };
		9B8787BA1C07EE0F0094FEA1 /* ApplicableViewController.h */ = {isa = PBXFileReference; fileEncoding = 4; lastKnownFileType = sourcecode.c.h; path = ApplicableViewController.h; sourceTree = "<group>"; };
		9B8787BB1C07EE0F0094FEA1 /* ApplicableViewController.m */ = {isa = PBXFileReference; fileEncoding = 4; lastKnownFileType = sourcecode.c.objc; path = ApplicableViewController.m; sourceTree = "<group>"; };
		9B9142941C076A9400D7ABF7 /* Meakelra.app */ = {isa = PBXFileReference; explicitFileType = wrapper.application; includeInIndex = 0; path = Meakelra.app; sourceTree = BUILT_PRODUCTS_DIR; };
		9B9142981C076A9400D7ABF7 /* main.m */ = {isa = PBXFileReference; lastKnownFileType = sourcecode.c.objc; path = main.m; sourceTree = "<group>"; };
		9B91429A1C076A9400D7ABF7 /* AppDelegate.h */ = {isa = PBXFileReference; lastKnownFileType = sourcecode.c.h; path = AppDelegate.h; sourceTree = "<group>"; };
		9B91429B1C076A9400D7ABF7 /* AppDelegate.m */ = {isa = PBXFileReference; lastKnownFileType = sourcecode.c.objc; path = AppDelegate.m; sourceTree = "<group>"; };
		9B91429D1C076A9400D7ABF7 /* ViewController.h */ = {isa = PBXFileReference; lastKnownFileType = sourcecode.c.h; path = ViewController.h; sourceTree = "<group>"; };
		9B91429E1C076A9400D7ABF7 /* ViewController.m */ = {isa = PBXFileReference; lastKnownFileType = sourcecode.c.objc; path = ViewController.m; sourceTree = "<group>"; };
		9B9142A11C076A9400D7ABF7 /* Base */ = {isa = PBXFileReference; lastKnownFileType = file.storyboard; name = Base; path = Base.lproj/Main.storyboard; sourceTree = "<group>"; };
		9B9142A31C076A9400D7ABF7 /* Assets.xcassets */ = {isa = PBXFileReference; lastKnownFileType = folder.assetcatalog; path = Assets.xcassets; sourceTree = "<group>"; };
		9B9142A61C076A9400D7ABF7 /* Base */ = {isa = PBXFileReference; lastKnownFileType = file.storyboard; name = Base; path = Base.lproj/LaunchScreen.storyboard; sourceTree = "<group>"; };
		9B9142AD1C076A9400D7ABF7 /* MeakelraTests.xctest */ = {isa = PBXFileReference; explicitFileType = wrapper.cfbundle; includeInIndex = 0; path = MeakelraTests.xctest; sourceTree = BUILT_PRODUCTS_DIR; };
		9B9142B11C076A9400D7ABF7 /* MeakelraTests.m */ = {isa = PBXFileReference; lastKnownFileType = sourcecode.c.objc; path = MeakelraTests.m; sourceTree = "<group>"; };
		9B9142B31C076A9400D7ABF7 /* Info.plist */ = {isa = PBXFileReference; lastKnownFileType = text.plist.xml; path = Info.plist; sourceTree = "<group>"; };
		9B9142B81C076A9400D7ABF7 /* MeakelraUITests.xctest */ = {isa = PBXFileReference; explicitFileType = wrapper.cfbundle; includeInIndex = 0; path = MeakelraUITests.xctest; sourceTree = BUILT_PRODUCTS_DIR; };
		9B9142BC1C076A9400D7ABF7 /* MeakelraUITests.m */ = {isa = PBXFileReference; lastKnownFileType = sourcecode.c.objc; path = MeakelraUITests.m; sourceTree = "<group>"; };
		9B9142BE1C076A9400D7ABF7 /* Info.plist */ = {isa = PBXFileReference; lastKnownFileType = text.plist.xml; path = Info.plist; sourceTree = "<group>"; };
		9B9142CF1C076B2E00D7ABF7 /* Decoder.h */ = {isa = PBXFileReference; fileEncoding = 4; lastKnownFileType = sourcecode.c.h; path = Decoder.h; sourceTree = "<group>"; };
		9B9142D01C076B2E00D7ABF7 /* Exception.h */ = {isa = PBXFileReference; fileEncoding = 4; lastKnownFileType = sourcecode.c.h; path = Exception.h; sourceTree = "<group>"; };
		9B9142D11C076B2E00D7ABF7 /* Image.h */ = {isa = PBXFileReference; fileEncoding = 4; lastKnownFileType = sourcecode.c.h; path = Image.h; sourceTree = "<group>"; };
		9B9142D21C076B2E00D7ABF7 /* ImageScanner.h */ = {isa = PBXFileReference; fileEncoding = 4; lastKnownFileType = sourcecode.c.h; path = ImageScanner.h; sourceTree = "<group>"; };
		9B9142D31C076B2E00D7ABF7 /* Processor.h */ = {isa = PBXFileReference; fileEncoding = 4; lastKnownFileType = sourcecode.c.h; path = Processor.h; sourceTree = "<group>"; };
		9B9142D41C076B2E00D7ABF7 /* Scanner.h */ = {isa = PBXFileReference; fileEncoding = 4; lastKnownFileType = sourcecode.c.h; path = Scanner.h; sourceTree = "<group>"; };
		9B9142D51C076B2E00D7ABF7 /* Symbol.h */ = {isa = PBXFileReference; fileEncoding = 4; lastKnownFileType = sourcecode.c.h; path = Symbol.h; sourceTree = "<group>"; };
		9B9142D61C076B2E00D7ABF7 /* Video.h */ = {isa = PBXFileReference; fileEncoding = 4; lastKnownFileType = sourcecode.c.h; path = Video.h; sourceTree = "<group>"; };
		9B9142D71C076B2E00D7ABF7 /* Window.h */ = {isa = PBXFileReference; fileEncoding = 4; lastKnownFileType = sourcecode.c.h; path = Window.h; sourceTree = "<group>"; };
		9B9142D81C076B2E00D7ABF7 /* zbar.h */ = {isa = PBXFileReference; fileEncoding = 4; lastKnownFileType = sourcecode.c.h; path = zbar.h; sourceTree = "<group>"; };
		9B9142D91C076B2E00D7ABF7 /* ZBarCameraSimulator.h */ = {isa = PBXFileReference; fileEncoding = 4; lastKnownFileType = sourcecode.c.h; path = ZBarCameraSimulator.h; sourceTree = "<group>"; };
		9B9142DA1C076B2E00D7ABF7 /* ZBarCaptureReader.h */ = {isa = PBXFileReference; fileEncoding = 4; lastKnownFileType = sourcecode.c.h; path = ZBarCaptureReader.h; sourceTree = "<group>"; };
		9B9142DB1C076B2E00D7ABF7 /* ZBarHelpController.h */ = {isa = PBXFileReference; fileEncoding = 4; lastKnownFileType = sourcecode.c.h; path = ZBarHelpController.h; sourceTree = "<group>"; };
		9B9142DC1C076B2E00D7ABF7 /* ZBarImage.h */ = {isa = PBXFileReference; fileEncoding = 4; lastKnownFileType = sourcecode.c.h; path = ZBarImage.h; sourceTree = "<group>"; };
		9B9142DD1C076B2E00D7ABF7 /* ZBarImageScanner.h */ = {isa = PBXFileReference; fileEncoding = 4; lastKnownFileType = sourcecode.c.h; path = ZBarImageScanner.h; sourceTree = "<group>"; };
		9B9142DE1C076B2E00D7ABF7 /* ZBarReaderController.h */ = {isa = PBXFileReference; fileEncoding = 4; lastKnownFileType = sourcecode.c.h; path = ZBarReaderController.h; sourceTree = "<group>"; };
		9B9142DF1C076B2E00D7ABF7 /* ZBarReaderView.h */ = {isa = PBXFileReference; fileEncoding = 4; lastKnownFileType = sourcecode.c.h; path = ZBarReaderView.h; sourceTree = "<group>"; };
		9B9142E01C076B2E00D7ABF7 /* ZBarReaderViewController.h */ = {isa = PBXFileReference; fileEncoding = 4; lastKnownFileType = sourcecode.c.h; path = ZBarReaderViewController.h; sourceTree = "<group>"; };
		9B9142E11C076B2E00D7ABF7 /* ZBarSDK.h */ = {isa = PBXFileReference; fileEncoding = 4; lastKnownFileType = sourcecode.c.h; path = ZBarSDK.h; sourceTree = "<group>"; };
		9B9142E21C076B2E00D7ABF7 /* ZBarSymbol.h */ = {isa = PBXFileReference; fileEncoding = 4; lastKnownFileType = sourcecode.c.h; path = ZBarSymbol.h; sourceTree = "<group>"; };
		9B9142E31C076B2E00D7ABF7 /* libzbar.a */ = {isa = PBXFileReference; lastKnownFileType = archive.ar; path = libzbar.a; sourceTree = "<group>"; };
		9B9142E51C076B2E00D7ABF7 /* zbar-back.png */ = {isa = PBXFileReference; lastKnownFileType = image.png; path = "zbar-back.png"; sourceTree = "<group>"; };
		9B9142E61C076B2E00D7ABF7 /* zbar-help.html */ = {isa = PBXFileReference; fileEncoding = 4; lastKnownFileType = text.html; path = "zbar-help.html"; sourceTree = "<group>"; };
		9B9142E71C076B2E00D7ABF7 /* zbar-helpicons.png */ = {isa = PBXFileReference; lastKnownFileType = image.png; path = "zbar-helpicons.png"; sourceTree = "<group>"; };
		9B9142E81C076B2E00D7ABF7 /* zbar-samples.png */ = {isa = PBXFileReference; lastKnownFileType = image.png; path = "zbar-samples.png"; sourceTree = "<group>"; };
		9B9142F11C076BD400D7ABF7 /* bitstream.c */ = {isa = PBXFileReference; fileEncoding = 4; lastKnownFileType = sourcecode.c.c; path = bitstream.c; sourceTree = "<group>"; };
		9B9142F21C076BD400D7ABF7 /* bitstream.h */ = {isa = PBXFileReference; fileEncoding = 4; lastKnownFileType = sourcecode.c.h; path = bitstream.h; sourceTree = "<group>"; };
		9B9142F31C076BD400D7ABF7 /* mask.c */ = {isa = PBXFileReference; fileEncoding = 4; lastKnownFileType = sourcecode.c.c; path = mask.c; sourceTree = "<group>"; };
		9B9142F41C076BD400D7ABF7 /* mask.h */ = {isa = PBXFileReference; fileEncoding = 4; lastKnownFileType = sourcecode.c.h; path = mask.h; sourceTree = "<group>"; };
		9B9142F51C076BD400D7ABF7 /* QRCodeGenerator.h */ = {isa = PBXFileReference; fileEncoding = 4; lastKnownFileType = sourcecode.c.h; path = QRCodeGenerator.h; sourceTree = "<group>"; };
		9B9142F61C076BD400D7ABF7 /* QRCodeGenerator.m */ = {isa = PBXFileReference; fileEncoding = 4; lastKnownFileType = sourcecode.c.objc; path = QRCodeGenerator.m; sourceTree = "<group>"; };
		9B9142F71C076BD400D7ABF7 /* qrencode.c */ = {isa = PBXFileReference; fileEncoding = 4; lastKnownFileType = sourcecode.c.c; path = qrencode.c; sourceTree = "<group>"; };
		9B9142F81C076BD400D7ABF7 /* qrencode.h */ = {isa = PBXFileReference; fileEncoding = 4; lastKnownFileType = sourcecode.c.h; path = qrencode.h; sourceTree = "<group>"; };
		9B9142F91C076BD400D7ABF7 /* qrinput.c */ = {isa = PBXFileReference; fileEncoding = 4; lastKnownFileType = sourcecode.c.c; path = qrinput.c; sourceTree = "<group>"; };
		9B9142FA1C076BD400D7ABF7 /* qrinput.h */ = {isa = PBXFileReference; fileEncoding = 4; lastKnownFileType = sourcecode.c.h; path = qrinput.h; sourceTree = "<group>"; };
		9B9142FB1C076BD400D7ABF7 /* qrspec.c */ = {isa = PBXFileReference; fileEncoding = 4; lastKnownFileType = sourcecode.c.c; path = qrspec.c; sourceTree = "<group>"; };
		9B9142FC1C076BD400D7ABF7 /* qrspec.h */ = {isa = PBXFileReference; fileEncoding = 4; lastKnownFileType = sourcecode.c.h; path = qrspec.h; sourceTree = "<group>"; };
		9B9142FD1C076BD400D7ABF7 /* rscode.c */ = {isa = PBXFileReference; fileEncoding = 4; lastKnownFileType = sourcecode.c.c; path = rscode.c; sourceTree = "<group>"; };
		9B9142FE1C076BD400D7ABF7 /* rscode.h */ = {isa = PBXFileReference; fileEncoding = 4; lastKnownFileType = sourcecode.c.h; path = rscode.h; sourceTree = "<group>"; };
		9B9142FF1C076BD400D7ABF7 /* split.c */ = {isa = PBXFileReference; fileEncoding = 4; lastKnownFileType = sourcecode.c.c; path = split.c; sourceTree = "<group>"; };
		9B9143001C076BD400D7ABF7 /* split.h */ = {isa = PBXFileReference; fileEncoding = 4; lastKnownFileType = sourcecode.c.h; path = split.h; sourceTree = "<group>"; };
		9B9973AB1C07EB69009DD5ED /* BaseViewController.h */ = {isa = PBXFileReference; fileEncoding = 4; lastKnownFileType = sourcecode.c.h; path = BaseViewController.h; sourceTree = "<group>"; };
		9B9973AC1C07EB69009DD5ED /* BaseViewController.m */ = {isa = PBXFileReference; fileEncoding = 4; lastKnownFileType = sourcecode.c.objc; path = BaseViewController.m; sourceTree = "<group>"; };
		9B9973AD1C07EB69009DD5ED /* CustomTabBarController.h */ = {isa = PBXFileReference; fileEncoding = 4; lastKnownFileType = sourcecode.c.h; path = CustomTabBarController.h; sourceTree = "<group>"; };
		9B9973AE1C07EB69009DD5ED /* CustomTabBarController.m */ = {isa = PBXFileReference; fileEncoding = 4; lastKnownFileType = sourcecode.c.objc; path = CustomTabBarController.m; sourceTree = "<group>"; };
		9B9973AF1C07EB69009DD5ED /* RootViewController.h */ = {isa = PBXFileReference; fileEncoding = 4; lastKnownFileType = sourcecode.c.h; path = RootViewController.h; sourceTree = "<group>"; };
		9B9973B01C07EB69009DD5ED /* RootViewController.m */ = {isa = PBXFileReference; fileEncoding = 4; lastKnownFileType = sourcecode.c.objc; path = RootViewController.m; sourceTree = "<group>"; };
		9B9973B41C07EB90009DD5ED /* LocalViewController.h */ = {isa = PBXFileReference; fileEncoding = 4; lastKnownFileType = sourcecode.c.h; path = LocalViewController.h; sourceTree = "<group>"; };
		9B9973B51C07EB90009DD5ED /* LocalViewController.m */ = {isa = PBXFileReference; fileEncoding = 4; lastKnownFileType = sourcecode.c.objc; path = LocalViewController.m; sourceTree = "<group>"; };
		9B9973B71C07EBA4009DD5ED /* AdditionViewController.h */ = {isa = PBXFileReference; fileEncoding = 4; lastKnownFileType = sourcecode.c.h; path = AdditionViewController.h; sourceTree = "<group>"; };
		9B9973B81C07EBA4009DD5ED /* AdditionViewController.m */ = {isa = PBXFileReference; fileEncoding = 4; lastKnownFileType = sourcecode.c.objc; path = AdditionViewController.m; sourceTree = "<group>"; };
		9B9973BA1C07EBBD009DD5ED /* HttpViewController.h */ = {isa = PBXFileReference; fileEncoding = 4; lastKnownFileType = sourcecode.c.h; path = HttpViewController.h; sourceTree = "<group>"; };
		9B9973BB1C07EBBD009DD5ED /* HttpViewController.m */ = {isa = PBXFileReference; fileEncoding = 4; lastKnownFileType = sourcecode.c.objc; path = HttpViewController.m; sourceTree = "<group>"; };
		9B9973BD1C07EC5E009DD5ED /* CodeViewController.h */ = {isa = PBXFileReference; fileEncoding = 4; lastKnownFileType = sourcecode.c.h; path = CodeViewController.h; sourceTree = "<group>"; };
		9B9973BE1C07EC5E009DD5ED /* CodeViewController.m */ = {isa = PBXFileReference; fileEncoding = 4; lastKnownFileType = sourcecode.c.objc; path = CodeViewController.m; sourceTree = "<group>"; };
		9B9973BF1C07EC5E009DD5ED /* line@2x.png */ = {isa = PBXFileReference; lastKnownFileType = image.png; path = "line@2x.png"; sourceTree = "<group>"; };
		9B9973C01C07EC5E009DD5ED /* pick_bg@2x.png */ = {isa = PBXFileReference; lastKnownFileType = image.png; path = "pick_bg@2x.png"; sourceTree = "<group>"; };
		9B9973C11C07EC5E009DD5ED /* SystemCodeViewController.h */ = {isa = PBXFileReference; fileEncoding = 4; lastKnownFileType = sourcecode.c.h; path = SystemCodeViewController.h; sourceTree = "<group>"; };
		9B9973C21C07EC5E009DD5ED /* SystemCodeViewController.m */ = {isa = PBXFileReference; fileEncoding = 4; lastKnownFileType = sourcecode.c.objc; path = SystemCodeViewController.m; sourceTree = "<group>"; };
		9B9973C31C07EC5E009DD5ED /* ZBarCodeViewController.h */ = {isa = PBXFileReference; fileEncoding = 4; lastKnownFileType = sourcecode.c.h; path = ZBarCodeViewController.h; sourceTree = "<group>"; };
		9B9973C41C07EC5E009DD5ED /* ZBarCodeViewController.m */ = {isa = PBXFileReference; fileEncoding = 4; lastKnownFileType = sourcecode.c.objc; path = ZBarCodeViewController.m; sourceTree = "<group>"; };
		9B9973CA1C07EC7E009DD5ED /* MakeCodeViewController.h */ = {isa = PBXFileReference; fileEncoding = 4; lastKnownFileType = sourcecode.c.h; path = MakeCodeViewController.h; sourceTree = "<group>"; };
		9B9973CB1C07EC7E009DD5ED /* MakeCodeViewController.m */ = {isa = PBXFileReference; fileEncoding = 4; lastKnownFileType = sourcecode.c.objc; path = MakeCodeViewController.m; sourceTree = "<group>"; };
		9B9973CD1C07ECB2009DD5ED /* CoreGraphics.framework */ = {isa = PBXFileReference; lastKnownFileType = wrapper.framework; name = CoreGraphics.framework; path = System/Library/Frameworks/CoreGraphics.framework; sourceTree = SDKROOT; };
		9B9973CF1C07ECBC009DD5ED /* UIKit.framework */ = {isa = PBXFileReference; lastKnownFileType = wrapper.framework; name = UIKit.framework; path = System/Library/Frameworks/UIKit.framework; sourceTree = SDKROOT; };
		9B9973D11C07ECC3009DD5ED /* Foundation.framework */ = {isa = PBXFileReference; lastKnownFileType = wrapper.framework; name = Foundation.framework; path = System/Library/Frameworks/Foundation.framework; sourceTree = SDKROOT; };
		9B9973D31C07ECD6009DD5ED /* libiconv.tbd */ = {isa = PBXFileReference; lastKnownFileType = "sourcecode.text-based-dylib-definition"; name = libiconv.tbd; path = usr/lib/libiconv.tbd; sourceTree = SDKROOT; };
		9B9973D51C07ECE5009DD5ED /* QuartzCore.framework */ = {isa = PBXFileReference; lastKnownFileType = wrapper.framework; name = QuartzCore.framework; path = System/Library/Frameworks/QuartzCore.framework; sourceTree = SDKROOT; };
		9B9973D71C07ECEC009DD5ED /* CoreMedia.framework */ = {isa = PBXFileReference; lastKnownFileType = wrapper.framework; name = CoreMedia.framework; path = System/Library/Frameworks/CoreMedia.framework; sourceTree = SDKROOT; };
		9B9973D91C07ECF5009DD5ED /* CoreVideo.framework */ = {isa = PBXFileReference; lastKnownFileType = wrapper.framework; name = CoreVideo.framework; path = System/Library/Frameworks/CoreVideo.framework; sourceTree = SDKROOT; };
		9B9973DB1C07ECFF009DD5ED /* AVFoundation.framework */ = {isa = PBXFileReference; lastKnownFileType = wrapper.framework; name = AVFoundation.framework; path = System/Library/Frameworks/AVFoundation.framework; sourceTree = SDKROOT; };
		9BBD59451C0C2A3B004DA77F /* UpdataViewController.h */ = {isa = PBXFileReference; fileEncoding = 4; lastKnownFileType = sourcecode.c.h; path = UpdataViewController.h; sourceTree = "<group>"; };
		9BBD59461C0C2A3B004DA77F /* UpdataViewController.m */ = {isa = PBXFileReference; fileEncoding = 4; lastKnownFileType = sourcecode.c.objc; path = UpdataViewController.m; sourceTree = "<group>"; };
		9BBD59481C0C2A73004DA77F /* CheckNetViewController.h */ = {isa = PBXFileReference; fileEncoding = 4; lastKnownFileType = sourcecode.c.h; path = CheckNetViewController.h; sourceTree = "<group>"; };
		9BBD59491C0C2A73004DA77F /* CheckNetViewController.m */ = {isa = PBXFileReference; fileEncoding = 4; lastKnownFileType = sourcecode.c.objc; path = CheckNetViewController.m; sourceTree = "<group>"; };
		9BBD594B1C0C2A9E004DA77F /* InstructionsViewController.h */ = {isa = PBXFileReference; fileEncoding = 4; lastKnownFileType = sourcecode.c.h; path = InstructionsViewController.h; sourceTree = "<group>"; };
		9BBD594C1C0C2A9E004DA77F /* InstructionsViewController.m */ = {isa = PBXFileReference; fileEncoding = 4; lastKnownFileType = sourcecode.c.objc; path = InstructionsViewController.m; sourceTree = "<group>"; };
		9BBD594E1C0C2B3D004DA77F /* PushViewController.h */ = {isa = PBXFileReference; fileEncoding = 4; lastKnownFileType = sourcecode.c.h; path = PushViewController.h; sourceTree = "<group>"; };
		9BBD594F1C0C2B3D004DA77F /* PushViewController.m */ = {isa = PBXFileReference; fileEncoding = 4; lastKnownFileType = sourcecode.c.objc; path = PushViewController.m; sourceTree = "<group>"; };
		B796068F0EAD6A536204F196 /* Pods.release.xcconfig */ = {isa = PBXFileReference; includeInIndex = 1; lastKnownFileType = text.xcconfig; name = Pods.release.xcconfig; path = "Pods/Target Support Files/Pods/Pods.release.xcconfig"; sourceTree = "<group>"; };
		F7BEAABE83CF78E9B9478BAC /* Pods.debug.xcconfig */ = {isa = PBXFileReference; includeInIndex = 1; lastKnownFileType = text.xcconfig; name = Pods.debug.xcconfig; path = "Pods/Target Support Files/Pods/Pods.debug.xcconfig"; sourceTree = "<group>"; };
/* End PBXFileReference section */

/* Begin PBXFrameworksBuildPhase section */
		9B9142911C076A9400D7ABF7 /* Frameworks */ = {
			isa = PBXFrameworksBuildPhase;
			buildActionMask = 2147483647;
			files = (
				9B44201A1C0D2E7D00FA620E /* CFNetwork.framework in Frameworks */,
				9B4420181C0D2E7100FA620E /* CoreFoundation.framework in Frameworks */,
				9B4420161C0D2E5C00FA620E /* CoreTelephony.framework in Frameworks */,
				9B4420141C0D2E4E00FA620E /* SystemConfiguration.framework in Frameworks */,
				9B4420121C0D2E3300FA620E /* Security.framework in Frameworks */,
				9B4420101C0D2E2900FA620E /* libz.tbd in Frameworks */,
				9B9973DC1C07ECFF009DD5ED /* AVFoundation.framework in Frameworks */,
				9B9973DA1C07ECF5009DD5ED /* CoreVideo.framework in Frameworks */,
				9B9973D81C07ECEC009DD5ED /* CoreMedia.framework in Frameworks */,
				9B9973D61C07ECE5009DD5ED /* QuartzCore.framework in Frameworks */,
				9B44200E1C0D2DF600FA620E /* libPushSDK-1.8.8.a in Frameworks */,
				9B9973D41C07ECD6009DD5ED /* libiconv.tbd in Frameworks */,
				9B9973D21C07ECC3009DD5ED /* Foundation.framework in Frameworks */,
				9B9973D01C07ECBC009DD5ED /* UIKit.framework in Frameworks */,
				9B9973CE1C07ECB2009DD5ED /* CoreGraphics.framework in Frameworks */,
				9B9142E91C076B2E00D7ABF7 /* libzbar.a in Frameworks */,
				51EC4EBFEE8707B88B12F1D6 /* libPods.a in Frameworks */,
			);
			runOnlyForDeploymentPostprocessing = 0;
		};
		9B9142AA1C076A9400D7ABF7 /* Frameworks */ = {
			isa = PBXFrameworksBuildPhase;
			buildActionMask = 2147483647;
			files = (
			);
			runOnlyForDeploymentPostprocessing = 0;
		};
		9B9142B51C076A9400D7ABF7 /* Frameworks */ = {
			isa = PBXFrameworksBuildPhase;
			buildActionMask = 2147483647;
			files = (
			);
			runOnlyForDeploymentPostprocessing = 0;
		};
/* End PBXFrameworksBuildPhase section */

/* Begin PBXGroup section */
		4897B801AEA49A5E5C42D91D /* Pods */ = {
			isa = PBXGroup;
			children = (
				F7BEAABE83CF78E9B9478BAC /* Pods.debug.xcconfig */,
				B796068F0EAD6A536204F196 /* Pods.release.xcconfig */,
			);
			name = Pods;
			sourceTree = "<group>";
		};
		7B186A2F33E3EEC73C60BE2F /* Frameworks */ = {
			isa = PBXGroup;
			children = (
				9B4420191C0D2E7D00FA620E /* CFNetwork.framework */,
				9B4420171C0D2E7100FA620E /* CoreFoundation.framework */,
				9B4420151C0D2E5C00FA620E /* CoreTelephony.framework */,
				9B4420131C0D2E4E00FA620E /* SystemConfiguration.framework */,
				9B4420111C0D2E3300FA620E /* Security.framework */,
				9B44200F1C0D2E2900FA620E /* libz.tbd */,
				3623333C672AEC32137EE106 /* libPods.a */,
			);
			name = Frameworks;
			sourceTree = "<group>";
		};
		9B2EF7D61C08581C00234B57 /* 分享登陆 */ = {
			isa = PBXGroup;
			children = (
			);
			path = "分享登陆";
			sourceTree = "<group>";
		};
		9B2EF7D71C08581C00234B57 /* 软件更新 */ = {
			isa = PBXGroup;
			children = (
				9BBD59451C0C2A3B004DA77F /* UpdataViewController.h */,
				9BBD59461C0C2A3B004DA77F /* UpdataViewController.m */,
			);
			path = "软件更新";
			sourceTree = "<group>";
		};
		9B2EF7D81C08581C00234B57 /* 上传下载 */ = {
			isa = PBXGroup;
			children = (
			);
			path = "上传下载";
			sourceTree = "<group>";
		};
		9B2EF7D91C08581C00234B57 /* 推送 */ = {
			isa = PBXGroup;
			children = (
				9BBD594E1C0C2B3D004DA77F /* PushViewController.h */,
				9BBD594F1C0C2B3D004DA77F /* PushViewController.m */,
				9B4420041C0D2C9F00FA620E /* LocalPushViewController.h */,
				9B4420051C0D2C9F00FA620E /* LocalPushViewController.m */,
				9B4420071C0D2CBA00FA620E /* JGPushViewController.h */,
				9B4420081C0D2CBA00FA620E /* JGPushViewController.m */,
			);
			path = "推送";
			sourceTree = "<group>";
		};
		9B2EF7DA1C08581C00234B57 /* 网络检查 */ = {
			isa = PBXGroup;
			children = (
				9BBD59481C0C2A73004DA77F /* CheckNetViewController.h */,
				9BBD59491C0C2A73004DA77F /* CheckNetViewController.m */,
			);
			path = "网络检查";
			sourceTree = "<group>";
		};
		9B2EF7DB1C08581C00234B57 /* 下载断点续传 */ = {
			isa = PBXGroup;
			children = (
			);
			path = "下载断点续传";
			sourceTree = "<group>";
		};
		9B2EF7DC1C08581C00234B57 /* 性能优化 */ = {
			isa = PBXGroup;
			children = (
			);
			path = "性能优化";
			sourceTree = "<group>";
		};
		9B2EF7DD1C08581C00234B57 /* 指示器 */ = {
			isa = PBXGroup;
			children = (
				9BBD594B1C0C2A9E004DA77F /* InstructionsViewController.h */,
				9BBD594C1C0C2A9E004DA77F /* InstructionsViewController.m */,
			);
			path = "指示器";
			sourceTree = "<group>";
		};
		9B2EF7DE1C08581C00234B57 /* cell高度 */ = {
			isa = PBXGroup;
			children = (
			);
			path = "cell高度";
			sourceTree = "<group>";
		};
		9B2EF7DF1C08581C00234B57 /* Json-Model */ = {
			isa = PBXGroup;
			children = (
			);
			path = "Json-Model";
			sourceTree = "<group>";
		};
		9B40C8F71C082EC800C49D43 /* 多表数据库 */ = {
			isa = PBXGroup;
			children = (
				9B40C8FB1C082F0B00C49D43 /* ListDatabaseViewController.h */,
				9B40C8FC1C082F0B00C49D43 /* ListDatabaseViewController.m */,
			);
			path = "多表数据库";
			sourceTree = "<group>";
		};
		9B40C8F81C082EC800C49D43 /* 国际化 */ = {
			isa = PBXGroup;
			children = (
				9B40C8FE1C082F5E00C49D43 /* InternationalViewController.h */,
				9B40C8FF1C082F5E00C49D43 /* InternationalViewController.m */,
			);
			path = "国际化";
			sourceTree = "<group>";
		};
		9B40C8F91C082EC800C49D43 /* 界面适配 */ = {
			isa = PBXGroup;
			children = (
				9B40C9011C082FA700C49D43 /* SuitableViewController.h */,
				9B40C9021C082FA700C49D43 /* SuitableViewController.m */,
			);
			path = "界面适配";
			sourceTree = "<group>";
		};
		9B40C8FA1C082EC800C49D43 /* cocoapods */ = {
			isa = PBXGroup;
			children = (
				9B40C9041C082FB600C49D43 /* CocoaViewController.h */,
				9B40C9051C082FB600C49D43 /* CocoaViewController.m */,
			);
			path = cocoapods;
			sourceTree = "<group>";
		};
		9B44200A1C0D2DDE00FA620E /* 极光推送 */ = {
			isa = PBXGroup;
			children = (
				9B44200B1C0D2DF600FA620E /* lib */,
			);
			path = "极光推送";
			sourceTree = "<group>";
		};
		9B44200B1C0D2DF600FA620E /* lib */ = {
			isa = PBXGroup;
			children = (
				9B44200C1C0D2DF600FA620E /* APService.h */,
				9B44200D1C0D2DF600FA620E /* libPushSDK-1.8.8.a */,
			);
			path = lib;
			sourceTree = "<group>";
		};
		9B91428B1C076A9400D7ABF7 = {
			isa = PBXGroup;
			children = (
				9B9142961C076A9400D7ABF7 /* Meakelra */,
				9B9142B01C076A9400D7ABF7 /* MeakelraTests */,
				9B9142BB1C076A9400D7ABF7 /* MeakelraUITests */,
				9B9142951C076A9400D7ABF7 /* Products */,
				4897B801AEA49A5E5C42D91D /* Pods */,
				7B186A2F33E3EEC73C60BE2F /* Frameworks */,
			);
			sourceTree = "<group>";
		};
		9B9142951C076A9400D7ABF7 /* Products */ = {
			isa = PBXGroup;
			children = (
				9B9142941C076A9400D7ABF7 /* Meakelra.app */,
				9B9142AD1C076A9400D7ABF7 /* MeakelraTests.xctest */,
				9B9142B81C076A9400D7ABF7 /* MeakelraUITests.xctest */,
			);
			name = Products;
			sourceTree = "<group>";
		};
		9B9142961C076A9400D7ABF7 /* Meakelra */ = {
			isa = PBXGroup;
			children = (
				9B91429A1C076A9400D7ABF7 /* AppDelegate.h */,
				9B91429B1C076A9400D7ABF7 /* AppDelegate.m */,
				9B91429D1C076A9400D7ABF7 /* ViewController.h */,
				9B91429E1C076A9400D7ABF7 /* ViewController.m */,
				9B9973A51C07EAEC009DD5ED /* 附加 */,
				9B9973A81C07EAEC009DD5ED /* 三方库文件 */,
				9B9973A91C07EAEC009DD5ED /* 网络 */,
				9B9973A31C07EAEC009DD5ED /* 本地 */,
				9B9973A61C07EAEC009DD5ED /* 基本 */,
				9B9142A01C076A9400D7ABF7 /* Main.storyboard */,
				9B9142A31C076A9400D7ABF7 /* Assets.xcassets */,
				9B9142A51C076A9400D7ABF7 /* LaunchScreen.storyboard */,
				9B9142971C076A9400D7ABF7 /* Supporting Files */,
			);
			path = Meakelra;
			sourceTree = "<group>";
		};
		9B9142971C076A9400D7ABF7 /* Supporting Files */ = {
			isa = PBXGroup;
			children = (
				9B2EF7C21C084EA800234B57 /* Info.plist */,
				9B2EF7CC1C0850CB00234B57 /* InfoPlist.strings */,
				9B9973DB1C07ECFF009DD5ED /* AVFoundation.framework */,
				9B9973D91C07ECF5009DD5ED /* CoreVideo.framework */,
				9B9973D71C07ECEC009DD5ED /* CoreMedia.framework */,
				9B9973D51C07ECE5009DD5ED /* QuartzCore.framework */,
				9B9973D31C07ECD6009DD5ED /* libiconv.tbd */,
				9B9973D11C07ECC3009DD5ED /* Foundation.framework */,
				9B9973CF1C07ECBC009DD5ED /* UIKit.framework */,
				9B9973CD1C07ECB2009DD5ED /* CoreGraphics.framework */,
				9B9142981C076A9400D7ABF7 /* main.m */,
				9B2EF7D31C0853C100234B57 /* Localizable.strings */,
			);
			name = "Supporting Files";
			sourceTree = "<group>";
		};
		9B9142B01C076A9400D7ABF7 /* MeakelraTests */ = {
			isa = PBXGroup;
			children = (
				9B9142B11C076A9400D7ABF7 /* MeakelraTests.m */,
				9B9142B31C076A9400D7ABF7 /* Info.plist */,
			);
			path = MeakelraTests;
			sourceTree = "<group>";
		};
		9B9142BB1C076A9400D7ABF7 /* MeakelraUITests */ = {
			isa = PBXGroup;
			children = (
				9B9142BC1C076A9400D7ABF7 /* MeakelraUITests.m */,
				9B9142BE1C076A9400D7ABF7 /* Info.plist */,
			);
			path = MeakelraUITests;
			sourceTree = "<group>";
		};
		9B9142CB1C076B2E00D7ABF7 /* ZBarSDK */ = {
			isa = PBXGroup;
			children = (
				9B9142CC1C076B2E00D7ABF7 /* Headers */,
				9B9142E31C076B2E00D7ABF7 /* libzbar.a */,
				9B9142E41C076B2E00D7ABF7 /* Resources */,
			);
			path = ZBarSDK;
			sourceTree = "<group>";
		};
		9B9142CC1C076B2E00D7ABF7 /* Headers */ = {
			isa = PBXGroup;
			children = (
				9B9142CD1C076B2E00D7ABF7 /* ZBarSDK */,
			);
			path = Headers;
			sourceTree = "<group>";
		};
		9B9142CD1C076B2E00D7ABF7 /* ZBarSDK */ = {
			isa = PBXGroup;
			children = (
				9B9142CE1C076B2E00D7ABF7 /* zbar */,
				9B9142D81C076B2E00D7ABF7 /* zbar.h */,
				9B9142D91C076B2E00D7ABF7 /* ZBarCameraSimulator.h */,
				9B9142DA1C076B2E00D7ABF7 /* ZBarCaptureReader.h */,
				9B9142DB1C076B2E00D7ABF7 /* ZBarHelpController.h */,
				9B9142DC1C076B2E00D7ABF7 /* ZBarImage.h */,
				9B9142DD1C076B2E00D7ABF7 /* ZBarImageScanner.h */,
				9B9142DE1C076B2E00D7ABF7 /* ZBarReaderController.h */,
				9B9142DF1C076B2E00D7ABF7 /* ZBarReaderView.h */,
				9B9142E01C076B2E00D7ABF7 /* ZBarReaderViewController.h */,
				9B9142E11C076B2E00D7ABF7 /* ZBarSDK.h */,
				9B9142E21C076B2E00D7ABF7 /* ZBarSymbol.h */,
			);
			path = ZBarSDK;
			sourceTree = "<group>";
		};
		9B9142CE1C076B2E00D7ABF7 /* zbar */ = {
			isa = PBXGroup;
			children = (
				9B9142CF1C076B2E00D7ABF7 /* Decoder.h */,
				9B9142D01C076B2E00D7ABF7 /* Exception.h */,
				9B9142D11C076B2E00D7ABF7 /* Image.h */,
				9B9142D21C076B2E00D7ABF7 /* ImageScanner.h */,
				9B9142D31C076B2E00D7ABF7 /* Processor.h */,
				9B9142D41C076B2E00D7ABF7 /* Scanner.h */,
				9B9142D51C076B2E00D7ABF7 /* Symbol.h */,
				9B9142D61C076B2E00D7ABF7 /* Video.h */,
				9B9142D71C076B2E00D7ABF7 /* Window.h */,
			);
			path = zbar;
			sourceTree = "<group>";
		};
		9B9142E41C076B2E00D7ABF7 /* Resources */ = {
			isa = PBXGroup;
			children = (
				9B9142E51C076B2E00D7ABF7 /* zbar-back.png */,
				9B9142E61C076B2E00D7ABF7 /* zbar-help.html */,
				9B9142E71C076B2E00D7ABF7 /* zbar-helpicons.png */,
				9B9142E81C076B2E00D7ABF7 /* zbar-samples.png */,
			);
			path = Resources;
			sourceTree = "<group>";
		};
		9B9142EE1C076BA000D7ABF7 /* 二维码扫描 */ = {
			isa = PBXGroup;
			children = (
				9B9142CB1C076B2E00D7ABF7 /* ZBarSDK */,
			);
			name = "二维码扫描";
			path = ..;
			sourceTree = "<group>";
		};
		9B9142EF1C076BB300D7ABF7 /* 二维码生成 */ = {
			isa = PBXGroup;
			children = (
				9B9142F01C076BD400D7ABF7 /* libqrencode */,
			);
			name = "二维码生成";
			path = ..;
			sourceTree = "<group>";
		};
		9B9142F01C076BD400D7ABF7 /* libqrencode */ = {
			isa = PBXGroup;
			children = (
				9B9142F11C076BD400D7ABF7 /* bitstream.c */,
				9B9142F21C076BD400D7ABF7 /* bitstream.h */,
				9B9142F31C076BD400D7ABF7 /* mask.c */,
				9B9142F41C076BD400D7ABF7 /* mask.h */,
				9B9142F51C076BD400D7ABF7 /* QRCodeGenerator.h */,
				9B9142F61C076BD400D7ABF7 /* QRCodeGenerator.m */,
				9B9142F71C076BD400D7ABF7 /* qrencode.c */,
				9B9142F81C076BD400D7ABF7 /* qrencode.h */,
				9B9142F91C076BD400D7ABF7 /* qrinput.c */,
				9B9142FA1C076BD400D7ABF7 /* qrinput.h */,
				9B9142FB1C076BD400D7ABF7 /* qrspec.c */,
				9B9142FC1C076BD400D7ABF7 /* qrspec.h */,
				9B9142FD1C076BD400D7ABF7 /* rscode.c */,
				9B9142FE1C076BD400D7ABF7 /* rscode.h */,
				9B9142FF1C076BD400D7ABF7 /* split.c */,
				9B9143001C076BD400D7ABF7 /* split.h */,
			);
			path = libqrencode;
			sourceTree = "<group>";
		};
		9B9973A31C07EAEC009DD5ED /* 本地 */ = {
			isa = PBXGroup;
			children = (
				9B9973B41C07EB90009DD5ED /* LocalViewController.h */,
				9B9973B51C07EB90009DD5ED /* LocalViewController.m */,
				9B40C8F71C082EC800C49D43 /* 多表数据库 */,
				9B40C8F81C082EC800C49D43 /* 国际化 */,
				9B40C8F91C082EC800C49D43 /* 界面适配 */,
				9B40C8FA1C082EC800C49D43 /* cocoapods */,
				9B9973A41C07EAEC009DD5ED /* 二维码 */,
				9B9973A71C07EAEC009DD5ED /* 内存警告处理 */,
				9B9973AA1C07EAEC009DD5ED /* iOS9适配 */,
			);
			path = "本地";
			sourceTree = "<group>";
		};
		9B9973A41C07EAEC009DD5ED /* 二维码 */ = {
			isa = PBXGroup;
			children = (
				9B9973BD1C07EC5E009DD5ED /* CodeViewController.h */,
				9B9973BE1C07EC5E009DD5ED /* CodeViewController.m */,
				9B9973CA1C07EC7E009DD5ED /* MakeCodeViewController.h */,
				9B9973CB1C07EC7E009DD5ED /* MakeCodeViewController.m */,
				9B9973C11C07EC5E009DD5ED /* SystemCodeViewController.h */,
				9B9973C21C07EC5E009DD5ED /* SystemCodeViewController.m */,
				9B9973C31C07EC5E009DD5ED /* ZBarCodeViewController.h */,
				9B9973C41C07EC5E009DD5ED /* ZBarCodeViewController.m */,
				9B9973BF1C07EC5E009DD5ED /* line@2x.png */,
				9B9973C01C07EC5E009DD5ED /* pick_bg@2x.png */,
			);
			name = "二维码";
			path = "../二维码";
			sourceTree = "<group>";
		};
		9B9973A51C07EAEC009DD5ED /* 附加 */ = {
			isa = PBXGroup;
			children = (
				9B9973B71C07EBA4009DD5ED /* AdditionViewController.h */,
				9B9973B81C07EBA4009DD5ED /* AdditionViewController.m */,
			);
			path = "附加";
			sourceTree = "<group>";
		};
		9B9973A61C07EAEC009DD5ED /* 基本 */ = {
			isa = PBXGroup;
			children = (
				9B9973AB1C07EB69009DD5ED /* BaseViewController.h */,
				9B9973AC1C07EB69009DD5ED /* BaseViewController.m */,
				9B9973AD1C07EB69009DD5ED /* CustomTabBarController.h */,
				9B9973AE1C07EB69009DD5ED /* CustomTabBarController.m */,
				9B9973AF1C07EB69009DD5ED /* RootViewController.h */,
				9B9973B01C07EB69009DD5ED /* RootViewController.m */,
			);
			path = "基本";
			sourceTree = "<group>";
		};
		9B9973A71C07EAEC009DD5ED /* 内存警告处理 */ = {
			isa = PBXGroup;
			children = (
				9B8787B71C07EDD70094FEA1 /* MemoryWarningViewController.h */,
				9B8787B81C07EDD70094FEA1 /* MemoryWarningViewController.m */,
			);
			name = "内存警告处理";
			path = "../内存警告处理";
			sourceTree = "<group>";
		};
		9B9973A81C07EAEC009DD5ED /* 三方库文件 */ = {
			isa = PBXGroup;
			children = (
				9B44200A1C0D2DDE00FA620E /* 极光推送 */,
				9B9142EF1C076BB300D7ABF7 /* 二维码生成 */,
				9B9142EE1C076BA000D7ABF7 /* 二维码扫描 */,
			);
			path = "三方库文件";
			sourceTree = "<group>";
		};
		9B9973A91C07EAEC009DD5ED /* 网络 */ = {
			isa = PBXGroup;
			children = (
				9B9973BA1C07EBBD009DD5ED /* HttpViewController.h */,
				9B9973BB1C07EBBD009DD5ED /* HttpViewController.m */,
				9B2EF7DB1C08581C00234B57 /* 下载断点续传 */,
				9B2EF7D91C08581C00234B57 /* 推送 */,
				9B2EF7D61C08581C00234B57 /* 分享登陆 */,
				9B2EF7D71C08581C00234B57 /* 软件更新 */,
				9B2EF7DA1C08581C00234B57 /* 网络检查 */,
				9B2EF7D81C08581C00234B57 /* 上传下载 */,
				9B2EF7DD1C08581C00234B57 /* 指示器 */,
				9B2EF7DE1C08581C00234B57 /* cell高度 */,
				9B2EF7DC1C08581C00234B57 /* 性能优化 */,
				9B2EF7DF1C08581C00234B57 /* Json-Model */,
			);
			path = "网络";
			sourceTree = "<group>";
		};
		9B9973AA1C07EAEC009DD5ED /* iOS9适配 */ = {
			isa = PBXGroup;
			children = (
				9B8787BA1C07EE0F0094FEA1 /* ApplicableViewController.h */,
				9B8787BB1C07EE0F0094FEA1 /* ApplicableViewController.m */,
			);
			name = "iOS9适配";
			path = "../iOS9适配";
			sourceTree = "<group>";
		};
/* End PBXGroup section */

/* Begin PBXNativeTarget section */
		9B9142931C076A9400D7ABF7 /* Meakelra */ = {
			isa = PBXNativeTarget;
			buildConfigurationList = 9B9142C11C076A9400D7ABF7 /* Build configuration list for PBXNativeTarget "Meakelra" */;
			buildPhases = (
				2D19807C9573E60BEBDAEE63 /* Check Pods Manifest.lock */,
				9B9142901C076A9400D7ABF7 /* Sources */,
				9B9142911C076A9400D7ABF7 /* Frameworks */,
				9B9142921C076A9400D7ABF7 /* Resources */,
				4246EFDF40A9837BDD12D924 /* Embed Pods Frameworks */,
				B44BA2E5BEA374C84E6BE503 /* Copy Pods Resources */,
			);
			buildRules = (
			);
			dependencies = (
			);
			name = Meakelra;
			productName = Meakelra;
			productReference = 9B9142941C076A9400D7ABF7 /* Meakelra.app */;
			productType = "com.apple.product-type.application";
		};
		9B9142AC1C076A9400D7ABF7 /* MeakelraTests */ = {
			isa = PBXNativeTarget;
			buildConfigurationList = 9B9142C41C076A9400D7ABF7 /* Build configuration list for PBXNativeTarget "MeakelraTests" */;
			buildPhases = (
				9B9142A91C076A9400D7ABF7 /* Sources */,
				9B9142AA1C076A9400D7ABF7 /* Frameworks */,
				9B9142AB1C076A9400D7ABF7 /* Resources */,
			);
			buildRules = (
			);
			dependencies = (
				9B9142AF1C076A9400D7ABF7 /* PBXTargetDependency */,
			);
			name = MeakelraTests;
			productName = MeakelraTests;
			productReference = 9B9142AD1C076A9400D7ABF7 /* MeakelraTests.xctest */;
			productType = "com.apple.product-type.bundle.unit-test";
		};
		9B9142B71C076A9400D7ABF7 /* MeakelraUITests */ = {
			isa = PBXNativeTarget;
			buildConfigurationList = 9B9142C71C076A9400D7ABF7 /* Build configuration list for PBXNativeTarget "MeakelraUITests" */;
			buildPhases = (
				9B9142B41C076A9400D7ABF7 /* Sources */,
				9B9142B51C076A9400D7ABF7 /* Frameworks */,
				9B9142B61C076A9400D7ABF7 /* Resources */,
			);
			buildRules = (
			);
			dependencies = (
				9B9142BA1C076A9400D7ABF7 /* PBXTargetDependency */,
			);
			name = MeakelraUITests;
			productName = MeakelraUITests;
			productReference = 9B9142B81C076A9400D7ABF7 /* MeakelraUITests.xctest */;
			productType = "com.apple.product-type.bundle.ui-testing";
		};
/* End PBXNativeTarget section */

/* Begin PBXProject section */
		9B91428C1C076A9400D7ABF7 /* Project object */ = {
			isa = PBXProject;
			attributes = {
				LastUpgradeCheck = 0710;
				ORGANIZATIONNAME = Meakelra;
				TargetAttributes = {
					9B9142931C076A9400D7ABF7 = {
						CreatedOnToolsVersion = 7.1;
					};
					9B9142AC1C076A9400D7ABF7 = {
						CreatedOnToolsVersion = 7.1;
						TestTargetID = 9B9142931C076A9400D7ABF7;
					};
					9B9142B71C076A9400D7ABF7 = {
						CreatedOnToolsVersion = 7.1;
						TestTargetID = 9B9142931C076A9400D7ABF7;
					};
				};
			};
			buildConfigurationList = 9B91428F1C076A9400D7ABF7 /* Build configuration list for PBXProject "Meakelra" */;
			compatibilityVersion = "Xcode 3.2";
			developmentRegion = English;
			hasScannedForEncodings = 0;
			knownRegions = (
				Base,
				"zh-Hans",
				en,
			);
			mainGroup = 9B91428B1C076A9400D7ABF7;
			productRefGroup = 9B9142951C076A9400D7ABF7 /* Products */;
			projectDirPath = "";
			projectRoot = "";
			targets = (
				9B9142931C076A9400D7ABF7 /* Meakelra */,
				9B9142AC1C076A9400D7ABF7 /* MeakelraTests */,
				9B9142B71C076A9400D7ABF7 /* MeakelraUITests */,
			);
		};
/* End PBXProject section */

/* Begin PBXResourcesBuildPhase section */
		9B9142921C076A9400D7ABF7 /* Resources */ = {
			isa = PBXResourcesBuildPhase;
			buildActionMask = 2147483647;
			files = (
				9B9973C61C07EC5E009DD5ED /* line@2x.png in Resources */,
				9B2EF7D11C0853C100234B57 /* Localizable.strings in Resources */,
				9B9973C71C07EC5E009DD5ED /* pick_bg@2x.png in Resources */,
				9B9142A71C076A9400D7ABF7 /* LaunchScreen.storyboard in Resources */,
				9B9142EB1C076B2E00D7ABF7 /* zbar-help.html in Resources */,
				9B9142ED1C076B2E00D7ABF7 /* zbar-samples.png in Resources */,
				9B9142EC1C076B2E00D7ABF7 /* zbar-helpicons.png in Resources */,
				9B9142EA1C076B2E00D7ABF7 /* zbar-back.png in Resources */,
				9B9142A41C076A9400D7ABF7 /* Assets.xcassets in Resources */,
				9B2EF7C31C084EA800234B57 /* Info.plist in Resources */,
				9B2EF7CA1C0850CB00234B57 /* InfoPlist.strings in Resources */,
				9B9142A21C076A9400D7ABF7 /* Main.storyboard in Resources */,
			);
			runOnlyForDeploymentPostprocessing = 0;
		};
		9B9142AB1C076A9400D7ABF7 /* Resources */ = {
			isa = PBXResourcesBuildPhase;
			buildActionMask = 2147483647;
			files = (
			);
			runOnlyForDeploymentPostprocessing = 0;
		};
		9B9142B61C076A9400D7ABF7 /* Resources */ = {
			isa = PBXResourcesBuildPhase;
			buildActionMask = 2147483647;
			files = (
			);
			runOnlyForDeploymentPostprocessing = 0;
		};
/* End PBXResourcesBuildPhase section */

/* Begin PBXShellScriptBuildPhase section */
		2D19807C9573E60BEBDAEE63 /* Check Pods Manifest.lock */ = {
			isa = PBXShellScriptBuildPhase;
			buildActionMask = 2147483647;
			files = (
			);
			inputPaths = (
			);
			name = "Check Pods Manifest.lock";
			outputPaths = (
			);
			runOnlyForDeploymentPostprocessing = 0;
			shellPath = /bin/sh;
			shellScript = "diff \"${PODS_ROOT}/../Podfile.lock\" \"${PODS_ROOT}/Manifest.lock\" > /dev/null\nif [[ $? != 0 ]] ; then\n    cat << EOM\nerror: The sandbox is not in sync with the Podfile.lock. Run 'pod install' or update your CocoaPods installation.\nEOM\n    exit 1\nfi\n";
			showEnvVarsInLog = 0;
		};
		4246EFDF40A9837BDD12D924 /* Embed Pods Frameworks */ = {
			isa = PBXShellScriptBuildPhase;
			buildActionMask = 2147483647;
			files = (
			);
			inputPaths = (
			);
			name = "Embed Pods Frameworks";
			outputPaths = (
			);
			runOnlyForDeploymentPostprocessing = 0;
			shellPath = /bin/sh;
			shellScript = "\"${SRCROOT}/Pods/Target Support Files/Pods/Pods-frameworks.sh\"\n";
			showEnvVarsInLog = 0;
		};
		B44BA2E5BEA374C84E6BE503 /* Copy Pods Resources */ = {
			isa = PBXShellScriptBuildPhase;
			buildActionMask = 2147483647;
			files = (
			);
			inputPaths = (
			);
			name = "Copy Pods Resources";
			outputPaths = (
			);
			runOnlyForDeploymentPostprocessing = 0;
			shellPath = /bin/sh;
			shellScript = "\"${SRCROOT}/Pods/Target Support Files/Pods/Pods-resources.sh\"\n";
			showEnvVarsInLog = 0;
		};
/* End PBXShellScriptBuildPhase section */

/* Begin PBXSourcesBuildPhase section */
		9B9142901C076A9400D7ABF7 /* Sources */ = {
			isa = PBXSourcesBuildPhase;
			buildActionMask = 2147483647;
			files = (
				9B9143021C076BD400D7ABF7 /* mask.c in Sources */,
				9B9973B11C07EB69009DD5ED /* BaseViewController.m in Sources */,
				9B9143061C076BD400D7ABF7 /* qrspec.c in Sources */,
				9BBD594D1C0C2A9E004DA77F /* InstructionsViewController.m in Sources */,
				9B9973B21C07EB69009DD5ED /* CustomTabBarController.m in Sources */,
				9B91429F1C076A9400D7ABF7 /* ViewController.m in Sources */,
				9B9143071C076BD400D7ABF7 /* rscode.c in Sources */,
				9B4420091C0D2CBA00FA620E /* JGPushViewController.m in Sources */,
				9B9973BC1C07EBBD009DD5ED /* HttpViewController.m in Sources */,
				9B40C8FD1C082F0B00C49D43 /* ListDatabaseViewController.m in Sources */,
				9B8787CA1C07EE0F0094FEA1 /* ApplicableViewController.m in Sources */,
				9B9973CC1C07EC7E009DD5ED /* MakeCodeViewController.m in Sources */,
				9BBD594A1C0C2A73004DA77F /* CheckNetViewController.m in Sources */,
				9B40C9061C082FB600C49D43 /* CocoaViewController.m in Sources */,
				9B9973C81C07EC5E009DD5ED /* SystemCodeViewController.m in Sources */,
				9B9973B61C07EB90009DD5ED /* LocalViewController.m in Sources */,
				9B8787B91C07EDD70094FEA1 /* MemoryWarningViewController.m in Sources */,
				9B91429C1C076A9400D7ABF7 /* AppDelegate.m in Sources */,
				9B9142991C076A9400D7ABF7 /* main.m in Sources */,
				9B9973B31C07EB69009DD5ED /* RootViewController.m in Sources */,
				9B9143041C076BD400D7ABF7 /* qrencode.c in Sources */,
				9B40C9031C082FA700C49D43 /* SuitableViewController.m in Sources */,
				9B9143051C076BD400D7ABF7 /* qrinput.c in Sources */,
				9B9973C51C07EC5E009DD5ED /* CodeViewController.m in Sources */,
				9B9143081C076BD400D7ABF7 /* split.c in Sources */,
				9B9973C91C07EC5E009DD5ED /* ZBarCodeViewController.m in Sources */,
				9B9143011C076BD400D7ABF7 /* bitstream.c in Sources */,
				9B9973B91C07EBA4009DD5ED /* AdditionViewController.m in Sources */,
				9B9143031C076BD400D7ABF7 /* QRCodeGenerator.m in Sources */,
				9BBD59501C0C2B3D004DA77F /* PushViewController.m in Sources */,
				9BBD59471C0C2A3B004DA77F /* UpdataViewController.m in Sources */,
				9B4420061C0D2C9F00FA620E /* LocalPushViewController.m in Sources */,
				9B40C9001C082F5E00C49D43 /* InternationalViewController.m in Sources */,
			);
			runOnlyForDeploymentPostprocessing = 0;
		};
		9B9142A91C076A9400D7ABF7 /* Sources */ = {
			isa = PBXSourcesBuildPhase;
			buildActionMask = 2147483647;
			files = (
				9B9142B21C076A9400D7ABF7 /* MeakelraTests.m in Sources */,
			);
			runOnlyForDeploymentPostprocessing = 0;
		};
		9B9142B41C076A9400D7ABF7 /* Sources */ = {
			isa = PBXSourcesBuildPhase;
			buildActionMask = 2147483647;
			files = (
				9B9142BD1C076A9400D7ABF7 /* MeakelraUITests.m in Sources */,
			);
			runOnlyForDeploymentPostprocessing = 0;
		};
/* End PBXSourcesBuildPhase section */

/* Begin PBXTargetDependency section */
		9B9142AF1C076A9400D7ABF7 /* PBXTargetDependency */ = {
			isa = PBXTargetDependency;
			target = 9B9142931C076A9400D7ABF7 /* Meakelra */;
			targetProxy = 9B9142AE1C076A9400D7ABF7 /* PBXContainerItemProxy */;
		};
		9B9142BA1C076A9400D7ABF7 /* PBXTargetDependency */ = {
			isa = PBXTargetDependency;
			target = 9B9142931C076A9400D7ABF7 /* Meakelra */;
			targetProxy = 9B9142B91C076A9400D7ABF7 /* PBXContainerItemProxy */;
		};
/* End PBXTargetDependency section */

/* Begin PBXVariantGroup section */
		9B2EF7CC1C0850CB00234B57 /* InfoPlist.strings */ = {
			isa = PBXVariantGroup;
			children = (
				9B2EF7CB1C0850CB00234B57 /* en */,
				9B2EF7CD1C0850CD00234B57 /* zh-Hans */,
			);
			name = InfoPlist.strings;
			sourceTree = "<group>";
		};
		9B2EF7D31C0853C100234B57 /* Localizable.strings */ = {
			isa = PBXVariantGroup;
			children = (
				9B2EF7D41C0853C200234B57 /* zh-Hans */,
				9B2EF7D51C0853C300234B57 /* en */,
			);
			name = Localizable.strings;
			sourceTree = "<group>";
		};
		9B9142A01C076A9400D7ABF7 /* Main.storyboard */ = {
			isa = PBXVariantGroup;
			children = (
				9B9142A11C076A9400D7ABF7 /* Base */,
				9B2EF7C61C0850B400234B57 /* en */,
				9B2EF7C81C0850BE00234B57 /* zh-Hans */,
			);
			name = Main.storyboard;
			sourceTree = "<group>";
		};
		9B9142A51C076A9400D7ABF7 /* LaunchScreen.storyboard */ = {
			isa = PBXVariantGroup;
			children = (
				9B9142A61C076A9400D7ABF7 /* Base */,
				9B2EF7C71C0850B400234B57 /* en */,
				9B2EF7C91C0850BE00234B57 /* zh-Hans */,
			);
			name = LaunchScreen.storyboard;
			sourceTree = "<group>";
		};
/* End PBXVariantGroup section */

/* Begin XCBuildConfiguration section */
		9B9142BF1C076A9400D7ABF7 /* Debug */ = {
			isa = XCBuildConfiguration;
			buildSettings = {
				ALWAYS_SEARCH_USER_PATHS = NO;
				CLANG_CXX_LANGUAGE_STANDARD = "gnu++0x";
				CLANG_CXX_LIBRARY = "libc++";
				CLANG_ENABLE_MODULES = YES;
				CLANG_ENABLE_OBJC_ARC = YES;
				CLANG_WARN_BOOL_CONVERSION = YES;
				CLANG_WARN_CONSTANT_CONVERSION = YES;
				CLANG_WARN_DIRECT_OBJC_ISA_USAGE = YES_ERROR;
				CLANG_WARN_EMPTY_BODY = YES;
				CLANG_WARN_ENUM_CONVERSION = YES;
				CLANG_WARN_INT_CONVERSION = YES;
				CLANG_WARN_OBJC_ROOT_CLASS = YES_ERROR;
				CLANG_WARN_UNREACHABLE_CODE = YES;
				CLANG_WARN__DUPLICATE_METHOD_MATCH = YES;
				"CODE_SIGN_IDENTITY[sdk=iphoneos*]" = "iPhone Developer";
				COPY_PHASE_STRIP = NO;
				DEBUG_INFORMATION_FORMAT = dwarf;
				ENABLE_STRICT_OBJC_MSGSEND = YES;
				ENABLE_TESTABILITY = YES;
				GCC_C_LANGUAGE_STANDARD = gnu99;
				GCC_DYNAMIC_NO_PIC = NO;
				GCC_NO_COMMON_BLOCKS = YES;
				GCC_OPTIMIZATION_LEVEL = 0;
				GCC_PREPROCESSOR_DEFINITIONS = (
					"DEBUG=1",
					"$(inherited)",
				);
				GCC_WARN_64_TO_32_BIT_CONVERSION = YES;
				GCC_WARN_ABOUT_RETURN_TYPE = YES_ERROR;
				GCC_WARN_UNDECLARED_SELECTOR = YES;
				GCC_WARN_UNINITIALIZED_AUTOS = YES_AGGRESSIVE;
				GCC_WARN_UNUSED_FUNCTION = YES;
				GCC_WARN_UNUSED_VARIABLE = YES;
				IPHONEOS_DEPLOYMENT_TARGET = 9.1;
				MTL_ENABLE_DEBUG_INFO = YES;
				ONLY_ACTIVE_ARCH = YES;
				SDKROOT = iphoneos;
			};
			name = Debug;
		};
		9B9142C01C076A9400D7ABF7 /* Release */ = {
			isa = XCBuildConfiguration;
			buildSettings = {
				ALWAYS_SEARCH_USER_PATHS = NO;
				CLANG_CXX_LANGUAGE_STANDARD = "gnu++0x";
				CLANG_CXX_LIBRARY = "libc++";
				CLANG_ENABLE_MODULES = YES;
				CLANG_ENABLE_OBJC_ARC = YES;
				CLANG_WARN_BOOL_CONVERSION = YES;
				CLANG_WARN_CONSTANT_CONVERSION = YES;
				CLANG_WARN_DIRECT_OBJC_ISA_USAGE = YES_ERROR;
				CLANG_WARN_EMPTY_BODY = YES;
				CLANG_WARN_ENUM_CONVERSION = YES;
				CLANG_WARN_INT_CONVERSION = YES;
				CLANG_WARN_OBJC_ROOT_CLASS = YES_ERROR;
				CLANG_WARN_UNREACHABLE_CODE = YES;
				CLANG_WARN__DUPLICATE_METHOD_MATCH = YES;
				"CODE_SIGN_IDENTITY[sdk=iphoneos*]" = "iPhone Developer";
				COPY_PHASE_STRIP = NO;
				DEBUG_INFORMATION_FORMAT = "dwarf-with-dsym";
				ENABLE_NS_ASSERTIONS = NO;
				ENABLE_STRICT_OBJC_MSGSEND = YES;
				GCC_C_LANGUAGE_STANDARD = gnu99;
				GCC_NO_COMMON_BLOCKS = YES;
				GCC_WARN_64_TO_32_BIT_CONVERSION = YES;
				GCC_WARN_ABOUT_RETURN_TYPE = YES_ERROR;
				GCC_WARN_UNDECLARED_SELECTOR = YES;
				GCC_WARN_UNINITIALIZED_AUTOS = YES_AGGRESSIVE;
				GCC_WARN_UNUSED_FUNCTION = YES;
				GCC_WARN_UNUSED_VARIABLE = YES;
				IPHONEOS_DEPLOYMENT_TARGET = 9.1;
				MTL_ENABLE_DEBUG_INFO = NO;
				SDKROOT = iphoneos;
				VALIDATE_PRODUCT = YES;
			};
			name = Release;
		};
		9B9142C21C076A9400D7ABF7 /* Debug */ = {
			isa = XCBuildConfiguration;
			baseConfigurationReference = F7BEAABE83CF78E9B9478BAC /* Pods.debug.xcconfig */;
			buildSettings = {
				ASSETCATALOG_COMPILER_APPICON_NAME = AppIcon;
				ENABLE_BITCODE = NO;
				INFOPLIST_FILE = Meakelra/Info.plist;
				LD_RUNPATH_SEARCH_PATHS = "$(inherited) @executable_path/Frameworks";
				LIBRARY_SEARCH_PATHS = (
					"$(inherited)",
					"$(PROJECT_DIR)/Meakelra/ZBarSDK",
					"$(PROJECT_DIR)/Meakelra/三方库文件/极光推送/lib",
				);
				PRODUCT_BUNDLE_IDENTIFIER = Meakelra.Meakelra;
				PRODUCT_NAME = "$(TARGET_NAME)";
				VALID_ARCHS = "armv7 armv7s arm64";
			};
			name = Debug;
		};
		9B9142C31C076A9400D7ABF7 /* Release */ = {
			isa = XCBuildConfiguration;
			baseConfigurationReference = B796068F0EAD6A536204F196 /* Pods.release.xcconfig */;
			buildSettings = {
				ASSETCATALOG_COMPILER_APPICON_NAME = AppIcon;
				ENABLE_BITCODE = NO;
				INFOPLIST_FILE = Meakelra/Info.plist;
				LD_RUNPATH_SEARCH_PATHS = "$(inherited) @executable_path/Frameworks";
				LIBRARY_SEARCH_PATHS = (
					"$(inherited)",
					"$(PROJECT_DIR)/Meakelra/ZBarSDK",
					"$(PROJECT_DIR)/Meakelra/三方库文件/极光推送/lib",
				);
				PRODUCT_BUNDLE_IDENTIFIER = Meakelra.Meakelra;
				PRODUCT_NAME = "$(TARGET_NAME)";
				VALID_ARCHS = "armv7 armv7s arm64";
			};
			name = Release;
		};
		9B9142C51C076A9400D7ABF7 /* Debug */ = {
			isa = XCBuildConfiguration;
			buildSettings = {
				BUNDLE_LOADER = "$(TEST_HOST)";
				INFOPLIST_FILE = MeakelraTests/Info.plist;
				LD_RUNPATH_SEARCH_PATHS = "$(inherited) @executable_path/Frameworks @loader_path/Frameworks";
				PRODUCT_BUNDLE_IDENTIFIER = Meakelra.MeakelraTests;
				PRODUCT_NAME = "$(TARGET_NAME)";
				TEST_HOST = "$(BUILT_PRODUCTS_DIR)/Meakelra.app/Meakelra";
			};
			name = Debug;
		};
		9B9142C61C076A9400D7ABF7 /* Release */ = {
			isa = XCBuildConfiguration;
			buildSettings = {
				BUNDLE_LOADER = "$(TEST_HOST)";
				INFOPLIST_FILE = MeakelraTests/Info.plist;
				LD_RUNPATH_SEARCH_PATHS = "$(inherited) @executable_path/Frameworks @loader_path/Frameworks";
				PRODUCT_BUNDLE_IDENTIFIER = Meakelra.MeakelraTests;
				PRODUCT_NAME = "$(TARGET_NAME)";
				TEST_HOST = "$(BUILT_PRODUCTS_DIR)/Meakelra.app/Meakelra";
			};
			name = Release;
		};
		9B9142C81C076A9400D7ABF7 /* Debug */ = {
			isa = XCBuildConfiguration;
			buildSettings = {
				INFOPLIST_FILE = MeakelraUITests/Info.plist;
				LD_RUNPATH_SEARCH_PATHS = "$(inherited) @executable_path/Frameworks @loader_path/Frameworks";
				PRODUCT_BUNDLE_IDENTIFIER = Meakelra.MeakelraUITests;
				PRODUCT_NAME = "$(TARGET_NAME)";
				TEST_TARGET_NAME = Meakelra;
				USES_XCTRUNNER = YES;
			};
			name = Debug;
		};
		9B9142C91C076A9400D7ABF7 /* Release */ = {
			isa = XCBuildConfiguration;
			buildSettings = {
				INFOPLIST_FILE = MeakelraUITests/Info.plist;
				LD_RUNPATH_SEARCH_PATHS = "$(inherited) @executable_path/Frameworks @loader_path/Frameworks";
				PRODUCT_BUNDLE_IDENTIFIER = Meakelra.MeakelraUITests;
				PRODUCT_NAME = "$(TARGET_NAME)";
				TEST_TARGET_NAME = Meakelra;
				USES_XCTRUNNER = YES;
			};
			name = Release;
		};
/* End XCBuildConfiguration section */

/* Begin XCConfigurationList section */
		9B91428F1C076A9400D7ABF7 /* Build configuration list for PBXProject "Meakelra" */ = {
			isa = XCConfigurationList;
			buildConfigurations = (
				9B9142BF1C076A9400D7ABF7 /* Debug */,
				9B9142C01C076A9400D7ABF7 /* Release */,
			);
			defaultConfigurationIsVisible = 0;
			defaultConfigurationName = Release;
		};
		9B9142C11C076A9400D7ABF7 /* Build configuration list for PBXNativeTarget "Meakelra" */ = {
			isa = XCConfigurationList;
			buildConfigurations = (
				9B9142C21C076A9400D7ABF7 /* Debug */,
				9B9142C31C076A9400D7ABF7 /* Release */,
			);
			defaultConfigurationIsVisible = 0;
			defaultConfigurationName = Release;
		};
		9B9142C41C076A9400D7ABF7 /* Build configuration list for PBXNativeTarget "MeakelraTests" */ = {
			isa = XCConfigurationList;
			buildConfigurations = (
				9B9142C51C076A9400D7ABF7 /* Debug */,
				9B9142C61C076A9400D7ABF7 /* Release */,
			);
			defaultConfigurationIsVisible = 0;
			defaultConfigurationName = Release;
		};
		9B9142C71C076A9400D7ABF7 /* Build configuration list for PBXNativeTarget "MeakelraUITests" */ = {
			isa = XCConfigurationList;
			buildConfigurations = (
				9B9142C81C076A9400D7ABF7 /* Debug */,
				9B9142C91C076A9400D7ABF7 /* Release */,
			);
			defaultConfigurationIsVisible = 0;
			defaultConfigurationName = Release;
		};
/* End XCConfigurationList section */
	};
	rootObject = 9B91428C1C076A9400D7ABF7 /* Project object */;
}
