// !$*UTF8*$!
{
	archiveVersion = 1;
	classes = {
	};
	objectVersion = 46;
	objects = {

/* Begin PBXBuildFile section */
		9B8787B91C07EDD70094FEA1 /* MemoryWarningViewController.m in Sources */ = {isa = PBXBuildFile; fileRef = 9B8787B81C07EDD70094FEA1 /* MemoryWarningViewController.m */; };
		9B8787CA1C07EE0F0094FEA1 /* ApplicableViewController.m in Sources */ = {isa = PBXBuildFile; fileRef = 9B8787BB1C07EE0F0094FEA1 /* ApplicableViewController.m */; };
		9B8787CB1C07EE0F0094FEA1 /* BitcodeViewController.m in Sources */ = {isa = PBXBuildFile; fileRef = 9B8787BD1C07EE0F0094FEA1 /* BitcodeViewController.m */; };
		9B8787CC1C07EE0F0094FEA1 /* ConfidenceViewController.m in Sources */ = {isa = PBXBuildFile; fileRef = 9B8787BF1C07EE0F0094FEA1 /* ConfidenceViewController.m */; };
		9B8787CD1C07EE0F0094FEA1 /* FontViewController.m in Sources */ = {isa = PBXBuildFile; fileRef = 9B8787C11C07EE0F0094FEA1 /* FontViewController.m */; };
		9B8787CF1C07EE0F0094FEA1 /* NSAppViewController.m in Sources */ = {isa = PBXBuildFile; fileRef = 9B8787C51C07EE0F0094FEA1 /* NSAppViewController.m */; };
		9B8787D01C07EE0F0094FEA1 /* TableViewController.m in Sources */ = {isa = PBXBuildFile; fileRef = 9B8787C71C07EE0F0094FEA1 /* TableViewController.m */; };
		9B8787D11C07EE0F0094FEA1 /* URLViewController.m in Sources */ = {isa = PBXBuildFile; fileRef = 9B8787C91C07EE0F0094FEA1 /* URLViewController.m */; };
		9B9142991C076A9400D7ABF7 /* main.m in Sources */ = {isa = PBXBuildFile; fileRef = 9B9142981C076A9400D7ABF7 /* main.m */; };
		9B91429C1C076A9400D7ABF7 /* AppDelegate.m in Sources */ = {isa = PBXBuildFile; fileRef = 9B91429B1C076A9400D7ABF7 /* AppDelegate.m */; };
		9B91429F1C076A9400D7ABF7 /* ViewController.m in Sources */ = {isa = PBXBuildFile; fileRef = 9B91429E1C076A9400D7ABF7 /* ViewController.m */; };
		9B9142A21C076A9400D7ABF7 /* Main.storyboard in Resources */ = {isa = PBXBuildFile; fileRef = 9B9142A01C076A9400D7ABF7 /* Main.storyboard */; };
		9B9142A41C076A9400D7ABF7 /* Assets.xcassets in Resources */ = {isa = PBXBuildFile; fileRef = 9B9142A31C076A9400D7ABF7 /* Assets.xcassets */; };
		9B9142A71C076A9400D7ABF7 /* LaunchScreen.storyboard in Resources */ = {isa = PBXBuildFile; fileRef = 9B9142A51C076A9400D7ABF7 /* LaunchScreen.storyboard */; };
		9B9142B21C076A9400D7ABF7 /* MeakelraTests.m in Sources */ = {isa = PBXBuildFile; fileRef = 9B9142B11C076A9400D7ABF7 /* MeakelraTests.m */; };
		9B9142BD1C076A9400D7ABF7 /* MeakelraUITests.m in Sources */ = {isa = PBXBuildFile; fileRef = 9B9142BC1C076A9400D7ABF7 /* MeakelraUITests.m */; };
		9B9142E91C076B2E00D7ABF7 /* libzbar.a in Frameworks */ = {isa = PBXBuildFile; fileRef = 9B9142E31C076B2E00D7ABF7 /* libzbar.a */; };
		9B9142EA1C076B2E00D7ABF7 /* zbar-back.png in Resources */ = {isa = PBXBuildFile; fileRef = 9B9142E51C076B2E00D7ABF7 /* zbar-back.png */; };
		9B9142EB1C076B2E00D7ABF7 /* zbar-help.html in Resources */ = {isa = PBXBuildFile; fileRef = 9B9142E61C076B2E00D7ABF7 /* zbar-help.html */; };
		9B9142EC1C076B2E00D7ABF7 /* zbar-helpicons.png in Resources */ = {isa = PBXBuildFile; fileRef = 9B9142E71C076B2E00D7ABF7 /* zbar-helpicons.png */; };
		9B9142ED1C076B2E00D7ABF7 /* zbar-samples.png in Resources */ = {isa = PBXBuildFile; fileRef = 9B9142E81C076B2E00D7ABF7 /* zbar-samples.png */; };
		9B9143011C076BD400D7ABF7 /* bitstream.c in Sources */ = {isa = PBXBuildFile; fileRef = 9B9142F11C076BD400D7ABF7 /* bitstream.c */; };
		9B9143021C076BD400D7ABF7 /* mask.c in Sources */ = {isa = PBXBuildFile; fileRef = 9B9142F31C076BD400D7ABF7 /* mask.c */; };
		9B9143031C076BD400D7ABF7 /* QRCodeGenerator.m in Sources */ = {isa = PBXBuildFile; fileRef = 9B9142F61C076BD400D7ABF7 /* QRCodeGenerator.m */; };
		9B9143041C076BD400D7ABF7 /* qrencode.c in Sources */ = {isa = PBXBuildFile; fileRef = 9B9142F71C076BD400D7ABF7 /* qrencode.c */; };
		9B9143051C076BD400D7ABF7 /* qrinput.c in Sources */ = {isa = PBXBuildFile; fileRef = 9B9142F91C076BD400D7ABF7 /* qrinput.c */; };
		9B9143061C076BD400D7ABF7 /* qrspec.c in Sources */ = {isa = PBXBuildFile; fileRef = 9B9142FB1C076BD400D7ABF7 /* qrspec.c */; };
		9B9143071C076BD400D7ABF7 /* rscode.c in Sources */ = {isa = PBXBuildFile; fileRef = 9B9142FD1C076BD400D7ABF7 /* rscode.c */; };
		9B9143081C076BD400D7ABF7 /* split.c in Sources */ = {isa = PBXBuildFile; fileRef = 9B9142FF1C076BD400D7ABF7 /* split.c */; };
		9B9973B11C07EB69009DD5ED /* BaseViewController.m in Sources */ = {isa = PBXBuildFile; fileRef = 9B9973AC1C07EB69009DD5ED /* BaseViewController.m */; };
		9B9973B21C07EB69009DD5ED /* CustomTabBarController.m in Sources */ = {isa = PBXBuildFile; fileRef = 9B9973AE1C07EB69009DD5ED /* CustomTabBarController.m */; };
		9B9973B31C07EB69009DD5ED /* RootViewController.m in Sources */ = {isa = PBXBuildFile; fileRef = 9B9973B01C07EB69009DD5ED /* RootViewController.m */; };
		9B9973B61C07EB90009DD5ED /* LocalViewController.m in Sources */ = {isa = PBXBuildFile; fileRef = 9B9973B51C07EB90009DD5ED /* LocalViewController.m */; };
		9B9973B91C07EBA4009DD5ED /* AdditionViewController.m in Sources */ = {isa = PBXBuildFile; fileRef = 9B9973B81C07EBA4009DD5ED /* AdditionViewController.m */; };
		9B9973BC1C07EBBD009DD5ED /* HttpViewController.m in Sources */ = {isa = PBXBuildFile; fileRef = 9B9973BB1C07EBBD009DD5ED /* HttpViewController.m */; };
		9B9973C51C07EC5E009DD5ED /* CodeViewController.m in Sources */ = {isa = PBXBuildFile; fileRef = 9B9973BE1C07EC5E009DD5ED /* CodeViewController.m */; };
		9B9973C61C07EC5E009DD5ED /* line@2x.png in Resources */ = {isa = PBXBuildFile; fileRef = 9B9973BF1C07EC5E009DD5ED /* line@2x.png */; };
		9B9973C71C07EC5E009DD5ED /* pick_bg@2x.png in Resources */ = {isa = PBXBuildFile; fileRef = 9B9973C01C07EC5E009DD5ED /* pick_bg@2x.png */; };
		9B9973C81C07EC5E009DD5ED /* SystemCodeViewController.m in Sources */ = {isa = PBXBuildFile; fileRef = 9B9973C21C07EC5E009DD5ED /* SystemCodeViewController.m */; };
		9B9973C91C07EC5E009DD5ED /* ZBarCodeViewController.m in Sources */ = {isa = PBXBuildFile; fileRef = 9B9973C41C07EC5E009DD5ED /* ZBarCodeViewController.m */; };
		9B9973CC1C07EC7E009DD5ED /* MakeCodeViewController.m in Sources */ = {isa = PBXBuildFile; fileRef = 9B9973CB1C07EC7E009DD5ED /* MakeCodeViewController.m */; };
		9B9973CE1C07ECB2009DD5ED /* CoreGraphics.framework in Frameworks */ = {isa = PBXBuildFile; fileRef = 9B9973CD1C07ECB2009DD5ED /* CoreGraphics.framework */; };
		9B9973D01C07ECBC009DD5ED /* UIKit.framework in Frameworks */ = {isa = PBXBuildFile; fileRef = 9B9973CF1C07ECBC009DD5ED /* UIKit.framework */; };
		9B9973D21C07ECC3009DD5ED /* Foundation.framework in Frameworks */ = {isa = PBXBuildFile; fileRef = 9B9973D11C07ECC3009DD5ED /* Foundation.framework */; };
		9B9973D41C07ECD6009DD5ED /* libiconv.tbd in Frameworks */ = {isa = PBXBuildFile; fileRef = 9B9973D31C07ECD6009DD5ED /* libiconv.tbd */; };
		9B9973D61C07ECE5009DD5ED /* QuartzCore.framework in Frameworks */ = {isa = PBXBuildFile; fileRef = 9B9973D51C07ECE5009DD5ED /* QuartzCore.framework */; };
		9B9973D81C07ECEC009DD5ED /* CoreMedia.framework in Frameworks */ = {isa = PBXBuildFile; fileRef = 9B9973D71C07ECEC009DD5ED /* CoreMedia.framework */; };
		9B9973DA1C07ECF5009DD5ED /* CoreVideo.framework in Frameworks */ = {isa = PBXBuildFile; fileRef = 9B9973D91C07ECF5009DD5ED /* CoreVideo.framework */; };
		9B9973DC1C07ECFF009DD5ED /* AVFoundation.framework in Frameworks */ = {isa = PBXBuildFile; fileRef = 9B9973DB1C07ECFF009DD5ED /* AVFoundation.framework */; };
/* End PBXBuildFile section */

/* Begin PBXContainerItemProxy section */
		9B9142AE1C076A9400D7ABF7 /* PBXContainerItemProxy */ = {
			isa = PBXContainerItemProxy;
			containerPortal = 9B91428C1C076A9400D7ABF7 /* Project object */;
			proxyType = 1;
			remoteGlobalIDString = 9B9142931C076A9400D7ABF7;
			remoteInfo = Meakelra;
		};
		9B9142B91C076A9400D7ABF7 /* PBXContainerItemProxy */ = {
			isa = PBXContainerItemProxy;
			containerPortal = 9B91428C1C076A9400D7ABF7 /* Project object */;
			proxyType = 1;
			remoteGlobalIDString = 9B9142931C076A9400D7ABF7;
			remoteInfo = Meakelra;
		};
/* End PBXContainerItemProxy section */

/* Begin PBXFileReference section */
		9B8787B71C07EDD70094FEA1 /* MemoryWarningViewController.h */ = {isa = PBXFileReference; fileEncoding = 4; lastKnownFileType = sourcecode.c.h; path = MemoryWarningViewController.h; sourceTree = "<group>"; };
		9B8787B81C07EDD70094FEA1 /* MemoryWarningViewController.m */ = {isa = PBXFileReference; fileEncoding = 4; lastKnownFileType = sourcecode.c.objc; path = MemoryWarningViewController.m; sourceTree = "<group>"; };
		9B8787BA1C07EE0F0094FEA1 /* ApplicableViewController.h */ = {isa = PBXFileReference; fileEncoding = 4; lastKnownFileType = sourcecode.c.h; path = ApplicableViewController.h; sourceTree = "<group>"; };
		9B8787BB1C07EE0F0094FEA1 /* ApplicableViewController.m */ = {isa = PBXFileReference; fileEncoding = 4; lastKnownFileType = sourcecode.c.objc; path = ApplicableViewController.m; sourceTree = "<group>"; };
		9B8787BC1C07EE0F0094FEA1 /* BitcodeViewController.h */ = {isa = PBXFileReference; fileEncoding = 4; lastKnownFileType = sourcecode.c.h; path = BitcodeViewController.h; sourceTree = "<group>"; };
		9B8787BD1C07EE0F0094FEA1 /* BitcodeViewController.m */ = {isa = PBXFileReference; fileEncoding = 4; lastKnownFileType = sourcecode.c.objc; path = BitcodeViewController.m; sourceTree = "<group>"; };
		9B8787BE1C07EE0F0094FEA1 /* ConfidenceViewController.h */ = {isa = PBXFileReference; fileEncoding = 4; lastKnownFileType = sourcecode.c.h; path = ConfidenceViewController.h; sourceTree = "<group>"; };
		9B8787BF1C07EE0F0094FEA1 /* ConfidenceViewController.m */ = {isa = PBXFileReference; fileEncoding = 4; lastKnownFileType = sourcecode.c.objc; path = ConfidenceViewController.m; sourceTree = "<group>"; };
		9B8787C01C07EE0F0094FEA1 /* FontViewController.h */ = {isa = PBXFileReference; fileEncoding = 4; lastKnownFileType = sourcecode.c.h; path = FontViewController.h; sourceTree = "<group>"; };
		9B8787C11C07EE0F0094FEA1 /* FontViewController.m */ = {isa = PBXFileReference; fileEncoding = 4; lastKnownFileType = sourcecode.c.objc; path = FontViewController.m; sourceTree = "<group>"; };
		9B8787C41C07EE0F0094FEA1 /* NSAppViewController.h */ = {isa = PBXFileReference; fileEncoding = 4; lastKnownFileType = sourcecode.c.h; path = NSAppViewController.h; sourceTree = "<group>"; };
		9B8787C51C07EE0F0094FEA1 /* NSAppViewController.m */ = {isa = PBXFileReference; fileEncoding = 4; lastKnownFileType = sourcecode.c.objc; path = NSAppViewController.m; sourceTree = "<group>"; };
		9B8787C61C07EE0F0094FEA1 /* TableViewController.h */ = {isa = PBXFileReference; fileEncoding = 4; lastKnownFileType = sourcecode.c.h; path = TableViewController.h; sourceTree = "<group>"; };
		9B8787C71C07EE0F0094FEA1 /* TableViewController.m */ = {isa = PBXFileReference; fileEncoding = 4; lastKnownFileType = sourcecode.c.objc; path = TableViewController.m; sourceTree = "<group>"; };
		9B8787C81C07EE0F0094FEA1 /* URLViewController.h */ = {isa = PBXFileReference; fileEncoding = 4; lastKnownFileType = sourcecode.c.h; path = URLViewController.h; sourceTree = "<group>"; };
		9B8787C91C07EE0F0094FEA1 /* URLViewController.m */ = {isa = PBXFileReference; fileEncoding = 4; lastKnownFileType = sourcecode.c.objc; path = URLViewController.m; sourceTree = "<group>"; };
		9B9142941C076A9400D7ABF7 /* Meakelra.app */ = {isa = PBXFileReference; explicitFileType = wrapper.application; includeInIndex = 0; path = Meakelra.app; sourceTree = BUILT_PRODUCTS_DIR; };
		9B9142981C076A9400D7ABF7 /* main.m */ = {isa = PBXFileReference; lastKnownFileType = sourcecode.c.objc; path = main.m; sourceTree = "<group>"; };
		9B91429A1C076A9400D7ABF7 /* AppDelegate.h */ = {isa = PBXFileReference; lastKnownFileType = sourcecode.c.h; path = AppDelegate.h; sourceTree = "<group>"; };
		9B91429B1C076A9400D7ABF7 /* AppDelegate.m */ = {isa = PBXFileReference; lastKnownFileType = sourcecode.c.objc; path = AppDelegate.m; sourceTree = "<group>"; };
		9B91429D1C076A9400D7ABF7 /* ViewController.h */ = {isa = PBXFileReference; lastKnownFileType = sourcecode.c.h; path = ViewController.h; sourceTree = "<group>"; };
		9B91429E1C076A9400D7ABF7 /* ViewController.m */ = {isa = PBXFileReference; lastKnownFileType = sourcecode.c.objc; path = ViewController.m; sourceTree = "<group>"; };
		9B9142A11C076A9400D7ABF7 /* Base */ = {isa = PBXFileReference; lastKnownFileType = file.storyboard; name = Base; path = Base.lproj/Main.storyboard; sourceTree = "<group>"; };
		9B9142A31C076A9400D7ABF7 /* Assets.xcassets */ = {isa = PBXFileReference; lastKnownFileType = folder.assetcatalog; path = Assets.xcassets; sourceTree = "<group>"; };
		9B9142A61C076A9400D7ABF7 /* Base */ = {isa = PBXFileReference; lastKnownFileType = file.storyboard; name = Base; path = Base.lproj/LaunchScreen.storyboard; sourceTree = "<group>"; };
		9B9142A81C076A9400D7ABF7 /* Info.plist */ = {isa = PBXFileReference; lastKnownFileType = text.plist.xml; path = Info.plist; sourceTree = "<group>"; };
		9B9142AD1C076A9400D7ABF7 /* MeakelraTests.xctest */ = {isa = PBXFileReference; explicitFileType = wrapper.cfbundle; includeInIndex = 0; path = MeakelraTests.xctest; sourceTree = BUILT_PRODUCTS_DIR; };
		9B9142B11C076A9400D7ABF7 /* MeakelraTests.m */ = {isa = PBXFileReference; lastKnownFileType = sourcecode.c.objc; path = MeakelraTests.m; sourceTree = "<group>"; };
		9B9142B31C076A9400D7ABF7 /* Info.plist */ = {isa = PBXFileReference; lastKnownFileType = text.plist.xml; path = Info.plist; sourceTree = "<group>"; };
		9B9142B81C076A9400D7ABF7 /* MeakelraUITests.xctest */ = {isa = PBXFileReference; explicitFileType = wrapper.cfbundle; includeInIndex = 0; path = MeakelraUITests.xctest; sourceTree = BUILT_PRODUCTS_DIR; };
		9B9142BC1C076A9400D7ABF7 /* MeakelraUITests.m */ = {isa = PBXFileReference; lastKnownFileType = sourcecode.c.objc; path = MeakelraUITests.m; sourceTree = "<group>"; };
		9B9142BE1C076A9400D7ABF7 /* Info.plist */ = {isa = PBXFileReference; lastKnownFileType = text.plist.xml; path = Info.plist; sourceTree = "<group>"; };
		9B9142CF1C076B2E00D7ABF7 /* Decoder.h */ = {isa = PBXFileReference; fileEncoding = 4; lastKnownFileType = sourcecode.c.h; path = Decoder.h; sourceTree = "<group>"; };
		9B9142D01C076B2E00D7ABF7 /* Exception.h */ = {isa = PBXFileReference; fileEncoding = 4; lastKnownFileType = sourcecode.c.h; path = Exception.h; sourceTree = "<group>"; };
		9B9142D11C076B2E00D7ABF7 /* Image.h */ = {isa = PBXFileReference; fileEncoding = 4; lastKnownFileType = sourcecode.c.h; path = Image.h; sourceTree = "<group>"; };
		9B9142D21C076B2E00D7ABF7 /* ImageScanner.h */ = {isa = PBXFileReference; fileEncoding = 4; lastKnownFileType = sourcecode.c.h; path = ImageScanner.h; sourceTree = "<group>"; };
		9B9142D31C076B2E00D7ABF7 /* Processor.h */ = {isa = PBXFileReference; fileEncoding = 4; lastKnownFileType = sourcecode.c.h; path = Processor.h; sourceTree = "<group>"; };
		9B9142D41C076B2E00D7ABF7 /* Scanner.h */ = {isa = PBXFileReference; fileEncoding = 4; lastKnownFileType = sourcecode.c.h; path = Scanner.h; sourceTree = "<group>"; };
		9B9142D51C076B2E00D7ABF7 /* Symbol.h */ = {isa = PBXFileReference; fileEncoding = 4; lastKnownFileType = sourcecode.c.h; path = Symbol.h; sourceTree = "<group>"; };
		9B9142D61C076B2E00D7ABF7 /* Video.h */ = {isa = PBXFileReference; fileEncoding = 4; lastKnownFileType = sourcecode.c.h; path = Video.h; sourceTree = "<group>"; };
		9B9142D71C076B2E00D7ABF7 /* Window.h */ = {isa = PBXFileReference; fileEncoding = 4; lastKnownFileType = sourcecode.c.h; path = Window.h; sourceTree = "<group>"; };
		9B9142D81C076B2E00D7ABF7 /* zbar.h */ = {isa = PBXFileReference; fileEncoding = 4; lastKnownFileType = sourcecode.c.h; path = zbar.h; sourceTree = "<group>"; };
		9B9142D91C076B2E00D7ABF7 /* ZBarCameraSimulator.h */ = {isa = PBXFileReference; fileEncoding = 4; lastKnownFileType = sourcecode.c.h; path = ZBarCameraSimulator.h; sourceTree = "<group>"; };
		9B9142DA1C076B2E00D7ABF7 /* ZBarCaptureReader.h */ = {isa = PBXFileReference; fileEncoding = 4; lastKnownFileType = sourcecode.c.h; path = ZBarCaptureReader.h; sourceTree = "<group>"; };
		9B9142DB1C076B2E00D7ABF7 /* ZBarHelpController.h */ = {isa = PBXFileReference; fileEncoding = 4; lastKnownFileType = sourcecode.c.h; path = ZBarHelpController.h; sourceTree = "<group>"; };
		9B9142DC1C076B2E00D7ABF7 /* ZBarImage.h */ = {isa = PBXFileReference; fileEncoding = 4; lastKnownFileType = sourcecode.c.h; path = ZBarImage.h; sourceTree = "<group>"; };
		9B9142DD1C076B2E00D7ABF7 /* ZBarImageScanner.h */ = {isa = PBXFileReference; fileEncoding = 4; lastKnownFileType = sourcecode.c.h; path = ZBarImageScanner.h; sourceTree = "<group>"; };
		9B9142DE1C076B2E00D7ABF7 /* ZBarReaderController.h */ = {isa = PBXFileReference; fileEncoding = 4; lastKnownFileType = sourcecode.c.h; path = ZBarReaderController.h; sourceTree = "<group>"; };
		9B9142DF1C076B2E00D7ABF7 /* ZBarReaderView.h */ = {isa = PBXFileReference; fileEncoding = 4; lastKnownFileType = sourcecode.c.h; path = ZBarReaderView.h; sourceTree = "<group>"; };
		9B9142E01C076B2E00D7ABF7 /* ZBarReaderViewController.h */ = {isa = PBXFileReference; fileEncoding = 4; lastKnownFileType = sourcecode.c.h; path = ZBarReaderViewController.h; sourceTree = "<group>"; };
		9B9142E11C076B2E00D7ABF7 /* ZBarSDK.h */ = {isa = PBXFileReference; fileEncoding = 4; lastKnownFileType = sourcecode.c.h; path = ZBarSDK.h; sourceTree = "<group>"; };
		9B9142E21C076B2E00D7ABF7 /* ZBarSymbol.h */ = {isa = PBXFileReference; fileEncoding = 4; lastKnownFileType = sourcecode.c.h; path = ZBarSymbol.h; sourceTree = "<group>"; };
		9B9142E31C076B2E00D7ABF7 /* libzbar.a */ = {isa = PBXFileReference; lastKnownFileType = archive.ar; path = libzbar.a; sourceTree = "<group>"; };
		9B9142E51C076B2E00D7ABF7 /* zbar-back.png */ = {isa = PBXFileReference; lastKnownFileType = image.png; path = "zbar-back.png"; sourceTree = "<group>"; };
		9B9142E61C076B2E00D7ABF7 /* zbar-help.html */ = {isa = PBXFileReference; fileEncoding = 4; lastKnownFileType = text.html; path = "zbar-help.html"; sourceTree = "<group>"; };
		9B9142E71C076B2E00D7ABF7 /* zbar-helpicons.png */ = {isa = PBXFileReference; lastKnownFileType = image.png; path = "zbar-helpicons.png"; sourceTree = "<group>"; };
		9B9142E81C076B2E00D7ABF7 /* zbar-samples.png */ = {isa = PBXFileReference; lastKnownFileType = image.png; path = "zbar-samples.png"; sourceTree = "<group>"; };
		9B9142F11C076BD400D7ABF7 /* bitstream.c */ = {isa = PBXFileReference; fileEncoding = 4; lastKnownFileType = sourcecode.c.c; path = bitstream.c; sourceTree = "<group>"; };
		9B9142F21C076BD400D7ABF7 /* bitstream.h */ = {isa = PBXFileReference; fileEncoding = 4; lastKnownFileType = sourcecode.c.h; path = bitstream.h; sourceTree = "<group>"; };
		9B9142F31C076BD400D7ABF7 /* mask.c */ = {isa = PBXFileReference; fileEncoding = 4; lastKnownFileType = sourcecode.c.c; path = mask.c; sourceTree = "<group>"; };
		9B9142F41C076BD400D7ABF7 /* mask.h */ = {isa = PBXFileReference; fileEncoding = 4; lastKnownFileType = sourcecode.c.h; path = mask.h; sourceTree = "<group>"; };
		9B9142F51C076BD400D7ABF7 /* QRCodeGenerator.h */ = {isa = PBXFileReference; fileEncoding = 4; lastKnownFileType = sourcecode.c.h; path = QRCodeGenerator.h; sourceTree = "<group>"; };
		9B9142F61C076BD400D7ABF7 /* QRCodeGenerator.m */ = {isa = PBXFileReference; fileEncoding = 4; lastKnownFileType = sourcecode.c.objc; path = QRCodeGenerator.m; sourceTree = "<group>"; };
		9B9142F71C076BD400D7ABF7 /* qrencode.c */ = {isa = PBXFileReference; fileEncoding = 4; lastKnownFileType = sourcecode.c.c; path = qrencode.c; sourceTree = "<group>"; };
		9B9142F81C076BD400D7ABF7 /* qrencode.h */ = {isa = PBXFileReference; fileEncoding = 4; lastKnownFileType = sourcecode.c.h; path = qrencode.h; sourceTree = "<group>"; };
		9B9142F91C076BD400D7ABF7 /* qrinput.c */ = {isa = PBXFileReference; fileEncoding = 4; lastKnownFileType = sourcecode.c.c; path = qrinput.c; sourceTree = "<group>"; };
		9B9142FA1C076BD400D7ABF7 /* qrinput.h */ = {isa = PBXFileReference; fileEncoding = 4; lastKnownFileType = sourcecode.c.h; path = qrinput.h; sourceTree = "<group>"; };
		9B9142FB1C076BD400D7ABF7 /* qrspec.c */ = {isa = PBXFileReference; fileEncoding = 4; lastKnownFileType = sourcecode.c.c; path = qrspec.c; sourceTree = "<group>"; };
		9B9142FC1C076BD400D7ABF7 /* qrspec.h */ = {isa = PBXFileReference; fileEncoding = 4; lastKnownFileType = sourcecode.c.h; path = qrspec.h; sourceTree = "<group>"; };
		9B9142FD1C076BD400D7ABF7 /* rscode.c */ = {isa = PBXFileReference; fileEncoding = 4; lastKnownFileType = sourcecode.c.c; path = rscode.c; sourceTree = "<group>"; };
		9B9142FE1C076BD400D7ABF7 /* rscode.h */ = {isa = PBXFileReference; fileEncoding = 4; lastKnownFileType = sourcecode.c.h; path = rscode.h; sourceTree = "<group>"; };
		9B9142FF1C076BD400D7ABF7 /* split.c */ = {isa = PBXFileReference; fileEncoding = 4; lastKnownFileType = sourcecode.c.c; path = split.c; sourceTree = "<group>"; };
		9B9143001C076BD400D7ABF7 /* split.h */ = {isa = PBXFileReference; fileEncoding = 4; lastKnownFileType = sourcecode.c.h; path = split.h; sourceTree = "<group>"; };
		9B9973AB1C07EB69009DD5ED /* BaseViewController.h */ = {isa = PBXFileReference; fileEncoding = 4; lastKnownFileType = sourcecode.c.h; path = BaseViewController.h; sourceTree = "<group>"; };
		9B9973AC1C07EB69009DD5ED /* BaseViewController.m */ = {isa = PBXFileReference; fileEncoding = 4; lastKnownFileType = sourcecode.c.objc; path = BaseViewController.m; sourceTree = "<group>"; };
		9B9973AD1C07EB69009DD5ED /* CustomTabBarController.h */ = {isa = PBXFileReference; fileEncoding = 4; lastKnownFileType = sourcecode.c.h; path = CustomTabBarController.h; sourceTree = "<group>"; };
		9B9973AE1C07EB69009DD5ED /* CustomTabBarController.m */ = {isa = PBXFileReference; fileEncoding = 4; lastKnownFileType = sourcecode.c.objc; path = CustomTabBarController.m; sourceTree = "<group>"; };
		9B9973AF1C07EB69009DD5ED /* RootViewController.h */ = {isa = PBXFileReference; fileEncoding = 4; lastKnownFileType = sourcecode.c.h; path = RootViewController.h; sourceTree = "<group>"; };
		9B9973B01C07EB69009DD5ED /* RootViewController.m */ = {isa = PBXFileReference; fileEncoding = 4; lastKnownFileType = sourcecode.c.objc; path = RootViewController.m; sourceTree = "<group>"; };
		9B9973B41C07EB90009DD5ED /* LocalViewController.h */ = {isa = PBXFileReference; fileEncoding = 4; lastKnownFileType = sourcecode.c.h; path = LocalViewController.h; sourceTree = "<group>"; };
		9B9973B51C07EB90009DD5ED /* LocalViewController.m */ = {isa = PBXFileReference; fileEncoding = 4; lastKnownFileType = sourcecode.c.objc; path = LocalViewController.m; sourceTree = "<group>"; };
		9B9973B71C07EBA4009DD5ED /* AdditionViewController.h */ = {isa = PBXFileReference; fileEncoding = 4; lastKnownFileType = sourcecode.c.h; path = AdditionViewController.h; sourceTree = "<group>"; };
		9B9973B81C07EBA4009DD5ED /* AdditionViewController.m */ = {isa = PBXFileReference; fileEncoding = 4; lastKnownFileType = sourcecode.c.objc; path = AdditionViewController.m; sourceTree = "<group>"; };
		9B9973BA1C07EBBD009DD5ED /* HttpViewController.h */ = {isa = PBXFileReference; fileEncoding = 4; lastKnownFileType = sourcecode.c.h; path = HttpViewController.h; sourceTree = "<group>"; };
		9B9973BB1C07EBBD009DD5ED /* HttpViewController.m */ = {isa = PBXFileReference; fileEncoding = 4; lastKnownFileType = sourcecode.c.objc; path = HttpViewController.m; sourceTree = "<group>"; };
		9B9973BD1C07EC5E009DD5ED /* CodeViewController.h */ = {isa = PBXFileReference; fileEncoding = 4; lastKnownFileType = sourcecode.c.h; path = CodeViewController.h; sourceTree = "<group>"; };
		9B9973BE1C07EC5E009DD5ED /* CodeViewController.m */ = {isa = PBXFileReference; fileEncoding = 4; lastKnownFileType = sourcecode.c.objc; path = CodeViewController.m; sourceTree = "<group>"; };
		9B9973BF1C07EC5E009DD5ED /* line@2x.png */ = {isa = PBXFileReference; lastKnownFileType = image.png; path = "line@2x.png"; sourceTree = "<group>"; };
		9B9973C01C07EC5E009DD5ED /* pick_bg@2x.png */ = {isa = PBXFileReference; lastKnownFileType = image.png; path = "pick_bg@2x.png"; sourceTree = "<group>"; };
		9B9973C11C07EC5E009DD5ED /* SystemCodeViewController.h */ = {isa = PBXFileReference; fileEncoding = 4; lastKnownFileType = sourcecode.c.h; path = SystemCodeViewController.h; sourceTree = "<group>"; };
		9B9973C21C07EC5E009DD5ED /* SystemCodeViewController.m */ = {isa = PBXFileReference; fileEncoding = 4; lastKnownFileType = sourcecode.c.objc; path = SystemCodeViewController.m; sourceTree = "<group>"; };
		9B9973C31C07EC5E009DD5ED /* ZBarCodeViewController.h */ = {isa = PBXFileReference; fileEncoding = 4; lastKnownFileType = sourcecode.c.h; path = ZBarCodeViewController.h; sourceTree = "<group>"; };
		9B9973C41C07EC5E009DD5ED /* ZBarCodeViewController.m */ = {isa = PBXFileReference; fileEncoding = 4; lastKnownFileType = sourcecode.c.objc; path = ZBarCodeViewController.m; sourceTree = "<group>"; };
		9B9973CA1C07EC7E009DD5ED /* MakeCodeViewController.h */ = {isa = PBXFileReference; fileEncoding = 4; lastKnownFileType = sourcecode.c.h; path = MakeCodeViewController.h; sourceTree = "<group>"; };
		9B9973CB1C07EC7E009DD5ED /* MakeCodeViewController.m */ = {isa = PBXFileReference; fileEncoding = 4; lastKnownFileType = sourcecode.c.objc; path = MakeCodeViewController.m; sourceTree = "<group>"; };
		9B9973CD1C07ECB2009DD5ED /* CoreGraphics.framework */ = {isa = PBXFileReference; lastKnownFileType = wrapper.framework; name = CoreGraphics.framework; path = System/Library/Frameworks/CoreGraphics.framework; sourceTree = SDKROOT; };
		9B9973CF1C07ECBC009DD5ED /* UIKit.framework */ = {isa = PBXFileReference; lastKnownFileType = wrapper.framework; name = UIKit.framework; path = System/Library/Frameworks/UIKit.framework; sourceTree = SDKROOT; };
		9B9973D11C07ECC3009DD5ED /* Foundation.framework */ = {isa = PBXFileReference; lastKnownFileType = wrapper.framework; name = Foundation.framework; path = System/Library/Frameworks/Foundation.framework; sourceTree = SDKROOT; };
		9B9973D31C07ECD6009DD5ED /* libiconv.tbd */ = {isa = PBXFileReference; lastKnownFileType = "sourcecode.text-based-dylib-definition"; name = libiconv.tbd; path = usr/lib/libiconv.tbd; sourceTree = SDKROOT; };
		9B9973D51C07ECE5009DD5ED /* QuartzCore.framework */ = {isa = PBXFileReference; lastKnownFileType = wrapper.framework; name = QuartzCore.framework; path = System/Library/Frameworks/QuartzCore.framework; sourceTree = SDKROOT; };
		9B9973D71C07ECEC009DD5ED /* CoreMedia.framework */ = {isa = PBXFileReference; lastKnownFileType = wrapper.framework; name = CoreMedia.framework; path = System/Library/Frameworks/CoreMedia.framework; sourceTree = SDKROOT; };
		9B9973D91C07ECF5009DD5ED /* CoreVideo.framework */ = {isa = PBXFileReference; lastKnownFileType = wrapper.framework; name = CoreVideo.framework; path = System/Library/Frameworks/CoreVideo.framework; sourceTree = SDKROOT; };
		9B9973DB1C07ECFF009DD5ED /* AVFoundation.framework */ = {isa = PBXFileReference; lastKnownFileType = wrapper.framework; name = AVFoundation.framework; path = System/Library/Frameworks/AVFoundation.framework; sourceTree = SDKROOT; };
/* End PBXFileReference section */

/* Begin PBXFrameworksBuildPhase section */
		9B9142911C076A9400D7ABF7 /* Frameworks */ = {
			isa = PBXFrameworksBuildPhase;
			buildActionMask = 2147483647;
			files = (
				9B9973DC1C07ECFF009DD5ED /* AVFoundation.framework in Frameworks */,
				9B9973DA1C07ECF5009DD5ED /* CoreVideo.framework in Frameworks */,
				9B9973D81C07ECEC009DD5ED /* CoreMedia.framework in Frameworks */,
				9B9973D61C07ECE5009DD5ED /* QuartzCore.framework in Frameworks */,
				9B9973D41C07ECD6009DD5ED /* libiconv.tbd in Frameworks */,
				9B9973D21C07ECC3009DD5ED /* Foundation.framework in Frameworks */,
				9B9973D01C07ECBC009DD5ED /* UIKit.framework in Frameworks */,
				9B9973CE1C07ECB2009DD5ED /* CoreGraphics.framework in Frameworks */,
				9B9142E91C076B2E00D7ABF7 /* libzbar.a in Frameworks */,
			);
			runOnlyForDeploymentPostprocessing = 0;
		};
		9B9142AA1C076A9400D7ABF7 /* Frameworks */ = {
			isa = PBXFrameworksBuildPhase;
			buildActionMask = 2147483647;
			files = (
			);
			runOnlyForDeploymentPostprocessing = 0;
		};
		9B9142B51C076A9400D7ABF7 /* Frameworks */ = {
			isa = PBXFrameworksBuildPhase;
			buildActionMask = 2147483647;
			files = (
			);
			runOnlyForDeploymentPostprocessing = 0;
		};
/* End PBXFrameworksBuildPhase section */

/* Begin PBXGroup section */
		9B91428B1C076A9400D7ABF7 = {
			isa = PBXGroup;
			children = (
				9B9973DB1C07ECFF009DD5ED /* AVFoundation.framework */,
				9B9973D91C07ECF5009DD5ED /* CoreVideo.framework */,
				9B9973D71C07ECEC009DD5ED /* CoreMedia.framework */,
				9B9973D51C07ECE5009DD5ED /* QuartzCore.framework */,
				9B9973D31C07ECD6009DD5ED /* libiconv.tbd */,
				9B9973D11C07ECC3009DD5ED /* Foundation.framework */,
				9B9973CF1C07ECBC009DD5ED /* UIKit.framework */,
				9B9973CD1C07ECB2009DD5ED /* CoreGraphics.framework */,
				9B9142961C076A9400D7ABF7 /* Meakelra */,
				9B9142B01C076A9400D7ABF7 /* MeakelraTests */,
				9B9142BB1C076A9400D7ABF7 /* MeakelraUITests */,
				9B9142951C076A9400D7ABF7 /* Products */,
			);
			sourceTree = "<group>";
		};
		9B9142951C076A9400D7ABF7 /* Products */ = {
			isa = PBXGroup;
			children = (
				9B9142941C076A9400D7ABF7 /* Meakelra.app */,
				9B9142AD1C076A9400D7ABF7 /* MeakelraTests.xctest */,
				9B9142B81C076A9400D7ABF7 /* MeakelraUITests.xctest */,
			);
			name = Products;
			sourceTree = "<group>";
		};
		9B9142961C076A9400D7ABF7 /* Meakelra */ = {
			isa = PBXGroup;
			children = (
				9B91429A1C076A9400D7ABF7 /* AppDelegate.h */,
				9B91429B1C076A9400D7ABF7 /* AppDelegate.m */,
				9B91429D1C076A9400D7ABF7 /* ViewController.h */,
				9B91429E1C076A9400D7ABF7 /* ViewController.m */,
				9B9973A81C07EAEC009DD5ED /* 三方库文件 */,
				9B9973A91C07EAEC009DD5ED /* 网络 */,
				9B9973A51C07EAEC009DD5ED /* 附加 */,
				9B9973A31C07EAEC009DD5ED /* 本地 */,
				9B9973A61C07EAEC009DD5ED /* 基本 */,
				9B9142A01C076A9400D7ABF7 /* Main.storyboard */,
				9B9142A31C076A9400D7ABF7 /* Assets.xcassets */,
				9B9142A51C076A9400D7ABF7 /* LaunchScreen.storyboard */,
				9B9142A81C076A9400D7ABF7 /* Info.plist */,
				9B9142971C076A9400D7ABF7 /* Supporting Files */,
			);
			path = Meakelra;
			sourceTree = "<group>";
		};
		9B9142971C076A9400D7ABF7 /* Supporting Files */ = {
			isa = PBXGroup;
			children = (
				9B9142981C076A9400D7ABF7 /* main.m */,
			);
			name = "Supporting Files";
			sourceTree = "<group>";
		};
		9B9142B01C076A9400D7ABF7 /* MeakelraTests */ = {
			isa = PBXGroup;
			children = (
				9B9142B11C076A9400D7ABF7 /* MeakelraTests.m */,
				9B9142B31C076A9400D7ABF7 /* Info.plist */,
			);
			path = MeakelraTests;
			sourceTree = "<group>";
		};
		9B9142BB1C076A9400D7ABF7 /* MeakelraUITests */ = {
			isa = PBXGroup;
			children = (
				9B9142BC1C076A9400D7ABF7 /* MeakelraUITests.m */,
				9B9142BE1C076A9400D7ABF7 /* Info.plist */,
			);
			path = MeakelraUITests;
			sourceTree = "<group>";
		};
		9B9142CB1C076B2E00D7ABF7 /* ZBarSDK */ = {
			isa = PBXGroup;
			children = (
				9B9142CC1C076B2E00D7ABF7 /* Headers */,
				9B9142E31C076B2E00D7ABF7 /* libzbar.a */,
				9B9142E41C076B2E00D7ABF7 /* Resources */,
			);
			path = ZBarSDK;
			sourceTree = "<group>";
		};
		9B9142CC1C076B2E00D7ABF7 /* Headers */ = {
			isa = PBXGroup;
			children = (
				9B9142CD1C076B2E00D7ABF7 /* ZBarSDK */,
			);
			path = Headers;
			sourceTree = "<group>";
		};
		9B9142CD1C076B2E00D7ABF7 /* ZBarSDK */ = {
			isa = PBXGroup;
			children = (
				9B9142CE1C076B2E00D7ABF7 /* zbar */,
				9B9142D81C076B2E00D7ABF7 /* zbar.h */,
				9B9142D91C076B2E00D7ABF7 /* ZBarCameraSimulator.h */,
				9B9142DA1C076B2E00D7ABF7 /* ZBarCaptureReader.h */,
				9B9142DB1C076B2E00D7ABF7 /* ZBarHelpController.h */,
				9B9142DC1C076B2E00D7ABF7 /* ZBarImage.h */,
				9B9142DD1C076B2E00D7ABF7 /* ZBarImageScanner.h */,
				9B9142DE1C076B2E00D7ABF7 /* ZBarReaderController.h */,
				9B9142DF1C076B2E00D7ABF7 /* ZBarReaderView.h */,
				9B9142E01C076B2E00D7ABF7 /* ZBarReaderViewController.h */,
				9B9142E11C076B2E00D7ABF7 /* ZBarSDK.h */,
				9B9142E21C076B2E00D7ABF7 /* ZBarSymbol.h */,
			);
			path = ZBarSDK;
			sourceTree = "<group>";
		};
		9B9142CE1C076B2E00D7ABF7 /* zbar */ = {
			isa = PBXGroup;
			children = (
				9B9142CF1C076B2E00D7ABF7 /* Decoder.h */,
				9B9142D01C076B2E00D7ABF7 /* Exception.h */,
				9B9142D11C076B2E00D7ABF7 /* Image.h */,
				9B9142D21C076B2E00D7ABF7 /* ImageScanner.h */,
				9B9142D31C076B2E00D7ABF7 /* Processor.h */,
				9B9142D41C076B2E00D7ABF7 /* Scanner.h */,
				9B9142D51C076B2E00D7ABF7 /* Symbol.h */,
				9B9142D61C076B2E00D7ABF7 /* Video.h */,
				9B9142D71C076B2E00D7ABF7 /* Window.h */,
			);
			path = zbar;
			sourceTree = "<group>";
		};
		9B9142E41C076B2E00D7ABF7 /* Resources */ = {
			isa = PBXGroup;
			children = (
				9B9142E51C076B2E00D7ABF7 /* zbar-back.png */,
				9B9142E61C076B2E00D7ABF7 /* zbar-help.html */,
				9B9142E71C076B2E00D7ABF7 /* zbar-helpicons.png */,
				9B9142E81C076B2E00D7ABF7 /* zbar-samples.png */,
			);
			path = Resources;
			sourceTree = "<group>";
		};
		9B9142EE1C076BA000D7ABF7 /* 二维码扫描 */ = {
			isa = PBXGroup;
			children = (
				9B9142CB1C076B2E00D7ABF7 /* ZBarSDK */,
			);
			name = "二维码扫描";
			path = ..;
			sourceTree = "<group>";
		};
		9B9142EF1C076BB300D7ABF7 /* 二维码生成 */ = {
			isa = PBXGroup;
			children = (
				9B9142F01C076BD400D7ABF7 /* libqrencode */,
			);
			name = "二维码生成";
			path = ..;
			sourceTree = "<group>";
		};
		9B9142F01C076BD400D7ABF7 /* libqrencode */ = {
			isa = PBXGroup;
			children = (
				9B9142F11C076BD400D7ABF7 /* bitstream.c */,
				9B9142F21C076BD400D7ABF7 /* bitstream.h */,
				9B9142F31C076BD400D7ABF7 /* mask.c */,
				9B9142F41C076BD400D7ABF7 /* mask.h */,
				9B9142F51C076BD400D7ABF7 /* QRCodeGenerator.h */,
				9B9142F61C076BD400D7ABF7 /* QRCodeGenerator.m */,
				9B9142F71C076BD400D7ABF7 /* qrencode.c */,
				9B9142F81C076BD400D7ABF7 /* qrencode.h */,
				9B9142F91C076BD400D7ABF7 /* qrinput.c */,
				9B9142FA1C076BD400D7ABF7 /* qrinput.h */,
				9B9142FB1C076BD400D7ABF7 /* qrspec.c */,
				9B9142FC1C076BD400D7ABF7 /* qrspec.h */,
				9B9142FD1C076BD400D7ABF7 /* rscode.c */,
				9B9142FE1C076BD400D7ABF7 /* rscode.h */,
				9B9142FF1C076BD400D7ABF7 /* split.c */,
				9B9143001C076BD400D7ABF7 /* split.h */,
			);
			path = libqrencode;
			sourceTree = "<group>";
		};
		9B9973A31C07EAEC009DD5ED /* 本地 */ = {
			isa = PBXGroup;
			children = (
				9B9973B41C07EB90009DD5ED /* LocalViewController.h */,
				9B9973B51C07EB90009DD5ED /* LocalViewController.m */,
				9B9973A41C07EAEC009DD5ED /* 二维码 */,
				9B9973A71C07EAEC009DD5ED /* 内存警告处理 */,
				9B9973AA1C07EAEC009DD5ED /* iOS9适配 */,
			);
			path = "本地";
			sourceTree = "<group>";
		};
		9B9973A41C07EAEC009DD5ED /* 二维码 */ = {
			isa = PBXGroup;
			children = (
				9B9973BD1C07EC5E009DD5ED /* CodeViewController.h */,
				9B9973BE1C07EC5E009DD5ED /* CodeViewController.m */,
				9B9973CA1C07EC7E009DD5ED /* MakeCodeViewController.h */,
				9B9973CB1C07EC7E009DD5ED /* MakeCodeViewController.m */,
				9B9973C11C07EC5E009DD5ED /* SystemCodeViewController.h */,
				9B9973C21C07EC5E009DD5ED /* SystemCodeViewController.m */,
				9B9973C31C07EC5E009DD5ED /* ZBarCodeViewController.h */,
				9B9973C41C07EC5E009DD5ED /* ZBarCodeViewController.m */,
				9B9973BF1C07EC5E009DD5ED /* line@2x.png */,
				9B9973C01C07EC5E009DD5ED /* pick_bg@2x.png */,
			);
			name = "二维码";
			path = "../二维码";
			sourceTree = "<group>";
		};
		9B9973A51C07EAEC009DD5ED /* 附加 */ = {
			isa = PBXGroup;
			children = (
				9B9973B71C07EBA4009DD5ED /* AdditionViewController.h */,
				9B9973B81C07EBA4009DD5ED /* AdditionViewController.m */,
			);
			path = "附加";
			sourceTree = "<group>";
		};
		9B9973A61C07EAEC009DD5ED /* 基本 */ = {
			isa = PBXGroup;
			children = (
				9B9973AB1C07EB69009DD5ED /* BaseViewController.h */,
				9B9973AC1C07EB69009DD5ED /* BaseViewController.m */,
				9B9973AD1C07EB69009DD5ED /* CustomTabBarController.h */,
				9B9973AE1C07EB69009DD5ED /* CustomTabBarController.m */,
				9B9973AF1C07EB69009DD5ED /* RootViewController.h */,
				9B9973B01C07EB69009DD5ED /* RootViewController.m */,
			);
			path = "基本";
			sourceTree = "<group>";
		};
		9B9973A71C07EAEC009DD5ED /* 内存警告处理 */ = {
			isa = PBXGroup;
			children = (
				9B8787B71C07EDD70094FEA1 /* MemoryWarningViewController.h */,
				9B8787B81C07EDD70094FEA1 /* MemoryWarningViewController.m */,
			);
			name = "内存警告处理";
			path = "../内存警告处理";
			sourceTree = "<group>";
		};
		9B9973A81C07EAEC009DD5ED /* 三方库文件 */ = {
			isa = PBXGroup;
			children = (
				9B9142EF1C076BB300D7ABF7 /* 二维码生成 */,
				9B9142EE1C076BA000D7ABF7 /* 二维码扫描 */,
			);
			path = "三方库文件";
			sourceTree = "<group>";
		};
		9B9973A91C07EAEC009DD5ED /* 网络 */ = {
			isa = PBXGroup;
			children = (
				9B9973BA1C07EBBD009DD5ED /* HttpViewController.h */,
				9B9973BB1C07EBBD009DD5ED /* HttpViewController.m */,
			);
			path = "网络";
			sourceTree = "<group>";
		};
		9B9973AA1C07EAEC009DD5ED /* iOS9适配 */ = {
			isa = PBXGroup;
			children = (
				9B8787BA1C07EE0F0094FEA1 /* ApplicableViewController.h */,
				9B8787BB1C07EE0F0094FEA1 /* ApplicableViewController.m */,
				9B8787C41C07EE0F0094FEA1 /* NSAppViewController.h */,
				9B8787C51C07EE0F0094FEA1 /* NSAppViewController.m */,
				9B8787BC1C07EE0F0094FEA1 /* BitcodeViewController.h */,
				9B8787BD1C07EE0F0094FEA1 /* BitcodeViewController.m */,
				9B8787BE1C07EE0F0094FEA1 /* ConfidenceViewController.h */,
				9B8787BF1C07EE0F0094FEA1 /* ConfidenceViewController.m */,
				9B8787C01C07EE0F0094FEA1 /* FontViewController.h */,
				9B8787C11C07EE0F0094FEA1 /* FontViewController.m */,
				9B8787C81C07EE0F0094FEA1 /* URLViewController.h */,
				9B8787C91C07EE0F0094FEA1 /* URLViewController.m */,
				9B8787C61C07EE0F0094FEA1 /* TableViewController.h */,
				9B8787C71C07EE0F0094FEA1 /* TableViewController.m */,
			);
			name = "iOS9适配";
			path = "../iOS9适配";
			sourceTree = "<group>";
		};
/* End PBXGroup section */

/* Begin PBXNativeTarget section */
		9B9142931C076A9400D7ABF7 /* Meakelra */ = {
			isa = PBXNativeTarget;
			buildConfigurationList = 9B9142C11C076A9400D7ABF7 /* Build configuration list for PBXNativeTarget "Meakelra" */;
			buildPhases = (
				9B9142901C076A9400D7ABF7 /* Sources */,
				9B9142911C076A9400D7ABF7 /* Frameworks */,
				9B9142921C076A9400D7ABF7 /* Resources */,
			);
			buildRules = (
			);
			dependencies = (
			);
			name = Meakelra;
			productName = Meakelra;
			productReference = 9B9142941C076A9400D7ABF7 /* Meakelra.app */;
			productType = "com.apple.product-type.application";
		};
		9B9142AC1C076A9400D7ABF7 /* MeakelraTests */ = {
			isa = PBXNativeTarget;
			buildConfigurationList = 9B9142C41C076A9400D7ABF7 /* Build configuration list for PBXNativeTarget "MeakelraTests" */;
			buildPhases = (
				9B9142A91C076A9400D7ABF7 /* Sources */,
				9B9142AA1C076A9400D7ABF7 /* Frameworks */,
				9B9142AB1C076A9400D7ABF7 /* Resources */,
			);
			buildRules = (
			);
			dependencies = (
				9B9142AF1C076A9400D7ABF7 /* PBXTargetDependency */,
			);
			name = MeakelraTests;
			productName = MeakelraTests;
			productReference = 9B9142AD1C076A9400D7ABF7 /* MeakelraTests.xctest */;
			productType = "com.apple.product-type.bundle.unit-test";
		};
		9B9142B71C076A9400D7ABF7 /* MeakelraUITests */ = {
			isa = PBXNativeTarget;
			buildConfigurationList = 9B9142C71C076A9400D7ABF7 /* Build configuration list for PBXNativeTarget "MeakelraUITests" */;
			buildPhases = (
				9B9142B41C076A9400D7ABF7 /* Sources */,
				9B9142B51C076A9400D7ABF7 /* Frameworks */,
				9B9142B61C076A9400D7ABF7 /* Resources */,
			);
			buildRules = (
			);
			dependencies = (
				9B9142BA1C076A9400D7ABF7 /* PBXTargetDependency */,
			);
			name = MeakelraUITests;
			productName = MeakelraUITests;
			productReference = 9B9142B81C076A9400D7ABF7 /* MeakelraUITests.xctest */;
			productType = "com.apple.product-type.bundle.ui-testing";
		};
/* End PBXNativeTarget section */

/* Begin PBXProject section */
		9B91428C1C076A9400D7ABF7 /* Project object */ = {
			isa = PBXProject;
			attributes = {
				LastUpgradeCheck = 0710;
				ORGANIZATIONNAME = Meakelra;
				TargetAttributes = {
					9B9142931C076A9400D7ABF7 = {
						CreatedOnToolsVersion = 7.1;
					};
					9B9142AC1C076A9400D7ABF7 = {
						CreatedOnToolsVersion = 7.1;
						TestTargetID = 9B9142931C076A9400D7ABF7;
					};
					9B9142B71C076A9400D7ABF7 = {
						CreatedOnToolsVersion = 7.1;
						TestTargetID = 9B9142931C076A9400D7ABF7;
					};
				};
			};
			buildConfigurationList = 9B91428F1C076A9400D7ABF7 /* Build configuration list for PBXProject "Meakelra" */;
			compatibilityVersion = "Xcode 3.2";
			developmentRegion = English;
			hasScannedForEncodings = 0;
			knownRegions = (
				en,
				Base,
			);
			mainGroup = 9B91428B1C076A9400D7ABF7;
			productRefGroup = 9B9142951C076A9400D7ABF7 /* Products */;
			projectDirPath = "";
			projectRoot = "";
			targets = (
				9B9142931C076A9400D7ABF7 /* Meakelra */,
				9B9142AC1C076A9400D7ABF7 /* MeakelraTests */,
				9B9142B71C076A9400D7ABF7 /* MeakelraUITests */,
			);
		};
/* End PBXProject section */

/* Begin PBXResourcesBuildPhase section */
		9B9142921C076A9400D7ABF7 /* Resources */ = {
			isa = PBXResourcesBuildPhase;
			buildActionMask = 2147483647;
			files = (
				9B9973C61C07EC5E009DD5ED /* line@2x.png in Resources */,
				9B9973C71C07EC5E009DD5ED /* pick_bg@2x.png in Resources */,
				9B9142A71C076A9400D7ABF7 /* LaunchScreen.storyboard in Resources */,
				9B9142EB1C076B2E00D7ABF7 /* zbar-help.html in Resources */,
				9B9142ED1C076B2E00D7ABF7 /* zbar-samples.png in Resources */,
				9B9142EC1C076B2E00D7ABF7 /* zbar-helpicons.png in Resources */,
				9B9142EA1C076B2E00D7ABF7 /* zbar-back.png in Resources */,
				9B9142A41C076A9400D7ABF7 /* Assets.xcassets in Resources */,
				9B9142A21C076A9400D7ABF7 /* Main.storyboard in Resources */,
			);
			runOnlyForDeploymentPostprocessing = 0;
		};
		9B9142AB1C076A9400D7ABF7 /* Resources */ = {
			isa = PBXResourcesBuildPhase;
			buildActionMask = 2147483647;
			files = (
			);
			runOnlyForDeploymentPostprocessing = 0;
		};
		9B9142B61C076A9400D7ABF7 /* Resources */ = {
			isa = PBXResourcesBuildPhase;
			buildActionMask = 2147483647;
			files = (
			);
			runOnlyForDeploymentPostprocessing = 0;
		};
/* End PBXResourcesBuildPhase section */

/* Begin PBXSourcesBuildPhase section */
		9B9142901C076A9400D7ABF7 /* Sources */ = {
			isa = PBXSourcesBuildPhase;
			buildActionMask = 2147483647;
			files = (
				9B9143021C076BD400D7ABF7 /* mask.c in Sources */,
				9B8787CD1C07EE0F0094FEA1 /* FontViewController.m in Sources */,
				9B8787D11C07EE0F0094FEA1 /* URLViewController.m in Sources */,
				9B9973B11C07EB69009DD5ED /* BaseViewController.m in Sources */,
				9B9143061C076BD400D7ABF7 /* qrspec.c in Sources */,
				9B9973B21C07EB69009DD5ED /* CustomTabBarController.m in Sources */,
				9B91429F1C076A9400D7ABF7 /* ViewController.m in Sources */,
				9B9143071C076BD400D7ABF7 /* rscode.c in Sources */,
				9B9973BC1C07EBBD009DD5ED /* HttpViewController.m in Sources */,
				9B8787CA1C07EE0F0094FEA1 /* ApplicableViewController.m in Sources */,
				9B9973CC1C07EC7E009DD5ED /* MakeCodeViewController.m in Sources */,
				9B8787CC1C07EE0F0094FEA1 /* ConfidenceViewController.m in Sources */,
				9B9973C81C07EC5E009DD5ED /* SystemCodeViewController.m in Sources */,
				9B8787CF1C07EE0F0094FEA1 /* NSAppViewController.m in Sources */,
				9B9973B61C07EB90009DD5ED /* LocalViewController.m in Sources */,
				9B8787CB1C07EE0F0094FEA1 /* BitcodeViewController.m in Sources */,
				9B8787B91C07EDD70094FEA1 /* MemoryWarningViewController.m in Sources */,
				9B91429C1C076A9400D7ABF7 /* AppDelegate.m in Sources */,
				9B9142991C076A9400D7ABF7 /* main.m in Sources */,
				9B9973B31C07EB69009DD5ED /* RootViewController.m in Sources */,
				9B9143041C076BD400D7ABF7 /* qrencode.c in Sources */,
				9B9143051C076BD400D7ABF7 /* qrinput.c in Sources */,
				9B9973C51C07EC5E009DD5ED /* CodeViewController.m in Sources */,
				9B9143081C076BD400D7ABF7 /* split.c in Sources */,
				9B9973C91C07EC5E009DD5ED /* ZBarCodeViewController.m in Sources */,
				9B9143011C076BD400D7ABF7 /* bitstream.c in Sources */,
				9B9973B91C07EBA4009DD5ED /* AdditionViewController.m in Sources */,
				9B9143031C076BD400D7ABF7 /* QRCodeGenerator.m in Sources */,
				9B8787D01C07EE0F0094FEA1 /* TableViewController.m in Sources */,
			);
			runOnlyForDeploymentPostprocessing = 0;
		};
		9B9142A91C076A9400D7ABF7 /* Sources */ = {
			isa = PBXSourcesBuildPhase;
			buildActionMask = 2147483647;
			files = (
				9B9142B21C076A9400D7ABF7 /* MeakelraTests.m in Sources */,
			);
			runOnlyForDeploymentPostprocessing = 0;
		};
		9B9142B41C076A9400D7ABF7 /* Sources */ = {
			isa = PBXSourcesBuildPhase;
			buildActionMask = 2147483647;
			files = (
				9B9142BD1C076A9400D7ABF7 /* MeakelraUITests.m in Sources */,
			);
			runOnlyForDeploymentPostprocessing = 0;
		};
/* End PBXSourcesBuildPhase section */

/* Begin PBXTargetDependency section */
		9B9142AF1C076A9400D7ABF7 /* PBXTargetDependency */ = {
			isa = PBXTargetDependency;
			target = 9B9142931C076A9400D7ABF7 /* Meakelra */;
			targetProxy = 9B9142AE1C076A9400D7ABF7 /* PBXContainerItemProxy */;
		};
		9B9142BA1C076A9400D7ABF7 /* PBXTargetDependency */ = {
			isa = PBXTargetDependency;
			target = 9B9142931C076A9400D7ABF7 /* Meakelra */;
			targetProxy = 9B9142B91C076A9400D7ABF7 /* PBXContainerItemProxy */;
		};
/* End PBXTargetDependency section */

/* Begin PBXVariantGroup section */
		9B9142A01C076A9400D7ABF7 /* Main.storyboard */ = {
			isa = PBXVariantGroup;
			children = (
				9B9142A11C076A9400D7ABF7 /* Base */,
			);
			name = Main.storyboard;
			sourceTree = "<group>";
		};
		9B9142A51C076A9400D7ABF7 /* LaunchScreen.storyboard */ = {
			isa = PBXVariantGroup;
			children = (
				9B9142A61C076A9400D7ABF7 /* Base */,
			);
			name = LaunchScreen.storyboard;
			sourceTree = "<group>";
		};
/* End PBXVariantGroup section */

/* Begin XCBuildConfiguration section */
		9B9142BF1C076A9400D7ABF7 /* Debug */ = {
			isa = XCBuildConfiguration;
			buildSettings = {
				ALWAYS_SEARCH_USER_PATHS = NO;
				CLANG_CXX_LANGUAGE_STANDARD = "gnu++0x";
				CLANG_CXX_LIBRARY = "libc++";
				CLANG_ENABLE_MODULES = YES;
				CLANG_ENABLE_OBJC_ARC = YES;
				CLANG_WARN_BOOL_CONVERSION = YES;
				CLANG_WARN_CONSTANT_CONVERSION = YES;
				CLANG_WARN_DIRECT_OBJC_ISA_USAGE = YES_ERROR;
				CLANG_WARN_EMPTY_BODY = YES;
				CLANG_WARN_ENUM_CONVERSION = YES;
				CLANG_WARN_INT_CONVERSION = YES;
				CLANG_WARN_OBJC_ROOT_CLASS = YES_ERROR;
				CLANG_WARN_UNREACHABLE_CODE = YES;
				CLANG_WARN__DUPLICATE_METHOD_MATCH = YES;
				"CODE_SIGN_IDENTITY[sdk=iphoneos*]" = "iPhone Developer";
				COPY_PHASE_STRIP = NO;
				DEBUG_INFORMATION_FORMAT = dwarf;
				ENABLE_STRICT_OBJC_MSGSEND = YES;
				ENABLE_TESTABILITY = YES;
				GCC_C_LANGUAGE_STANDARD = gnu99;
				GCC_DYNAMIC_NO_PIC = NO;
				GCC_NO_COMMON_BLOCKS = YES;
				GCC_OPTIMIZATION_LEVEL = 0;
				GCC_PREPROCESSOR_DEFINITIONS = (
					"DEBUG=1",
					"$(inherited)",
				);
				GCC_WARN_64_TO_32_BIT_CONVERSION = YES;
				GCC_WARN_ABOUT_RETURN_TYPE = YES_ERROR;
				GCC_WARN_UNDECLARED_SELECTOR = YES;
				GCC_WARN_UNINITIALIZED_AUTOS = YES_AGGRESSIVE;
				GCC_WARN_UNUSED_FUNCTION = YES;
				GCC_WARN_UNUSED_VARIABLE = YES;
				IPHONEOS_DEPLOYMENT_TARGET = 9.1;
				MTL_ENABLE_DEBUG_INFO = YES;
				ONLY_ACTIVE_ARCH = YES;
				SDKROOT = iphoneos;
			};
			name = Debug;
		};
		9B9142C01C076A9400D7ABF7 /* Release */ = {
			isa = XCBuildConfiguration;
			buildSettings = {
				ALWAYS_SEARCH_USER_PATHS = NO;
				CLANG_CXX_LANGUAGE_STANDARD = "gnu++0x";
				CLANG_CXX_LIBRARY = "libc++";
				CLANG_ENABLE_MODULES = YES;
				CLANG_ENABLE_OBJC_ARC = YES;
				CLANG_WARN_BOOL_CONVERSION = YES;
				CLANG_WARN_CONSTANT_CONVERSION = YES;
				CLANG_WARN_DIRECT_OBJC_ISA_USAGE = YES_ERROR;
				CLANG_WARN_EMPTY_BODY = YES;
				CLANG_WARN_ENUM_CONVERSION = YES;
				CLANG_WARN_INT_CONVERSION = YES;
				CLANG_WARN_OBJC_ROOT_CLASS = YES_ERROR;
				CLANG_WARN_UNREACHABLE_CODE = YES;
				CLANG_WARN__DUPLICATE_METHOD_MATCH = YES;
				"CODE_SIGN_IDENTITY[sdk=iphoneos*]" = "iPhone Developer";
				COPY_PHASE_STRIP = NO;
				DEBUG_INFORMATION_FORMAT = "dwarf-with-dsym";
				ENABLE_NS_ASSERTIONS = NO;
				ENABLE_STRICT_OBJC_MSGSEND = YES;
				GCC_C_LANGUAGE_STANDARD = gnu99;
				GCC_NO_COMMON_BLOCKS = YES;
				GCC_WARN_64_TO_32_BIT_CONVERSION = YES;
				GCC_WARN_ABOUT_RETURN_TYPE = YES_ERROR;
				GCC_WARN_UNDECLARED_SELECTOR = YES;
				GCC_WARN_UNINITIALIZED_AUTOS = YES_AGGRESSIVE;
				GCC_WARN_UNUSED_FUNCTION = YES;
				GCC_WARN_UNUSED_VARIABLE = YES;
				IPHONEOS_DEPLOYMENT_TARGET = 9.1;
				MTL_ENABLE_DEBUG_INFO = NO;
				SDKROOT = iphoneos;
				VALIDATE_PRODUCT = YES;
			};
			name = Release;
		};
		9B9142C21C076A9400D7ABF7 /* Debug */ = {
			isa = XCBuildConfiguration;
			buildSettings = {
				ASSETCATALOG_COMPILER_APPICON_NAME = AppIcon;
				ENABLE_BITCODE = NO;
				INFOPLIST_FILE = Meakelra/Info.plist;
				LD_RUNPATH_SEARCH_PATHS = "$(inherited) @executable_path/Frameworks";
				LIBRARY_SEARCH_PATHS = (
					"$(inherited)",
					"$(PROJECT_DIR)/Meakelra/ZBarSDK",
				);
				PRODUCT_BUNDLE_IDENTIFIER = Meakelra.Meakelra;
				PRODUCT_NAME = "$(TARGET_NAME)";
				VALID_ARCHS = "armv7 armv7s";
			};
			name = Debug;
		};
		9B9142C31C076A9400D7ABF7 /* Release */ = {
			isa = XCBuildConfiguration;
			buildSettings = {
				ASSETCATALOG_COMPILER_APPICON_NAME = AppIcon;
				ENABLE_BITCODE = NO;
				INFOPLIST_FILE = Meakelra/Info.plist;
				LD_RUNPATH_SEARCH_PATHS = "$(inherited) @executable_path/Frameworks";
				LIBRARY_SEARCH_PATHS = (
					"$(inherited)",
					"$(PROJECT_DIR)/Meakelra/ZBarSDK",
				);
				PRODUCT_BUNDLE_IDENTIFIER = Meakelra.Meakelra;
				PRODUCT_NAME = "$(TARGET_NAME)";
				VALID_ARCHS = "armv7 armv7s";
			};
			name = Release;
		};
		9B9142C51C076A9400D7ABF7 /* Debug */ = {
			isa = XCBuildConfiguration;
			buildSettings = {
				BUNDLE_LOADER = "$(TEST_HOST)";
				INFOPLIST_FILE = MeakelraTests/Info.plist;
				LD_RUNPATH_SEARCH_PATHS = "$(inherited) @executable_path/Frameworks @loader_path/Frameworks";
				PRODUCT_BUNDLE_IDENTIFIER = Meakelra.MeakelraTests;
				PRODUCT_NAME = "$(TARGET_NAME)";
				TEST_HOST = "$(BUILT_PRODUCTS_DIR)/Meakelra.app/Meakelra";
			};
			name = Debug;
		};
		9B9142C61C076A9400D7ABF7 /* Release */ = {
			isa = XCBuildConfiguration;
			buildSettings = {
				BUNDLE_LOADER = "$(TEST_HOST)";
				INFOPLIST_FILE = MeakelraTests/Info.plist;
				LD_RUNPATH_SEARCH_PATHS = "$(inherited) @executable_path/Frameworks @loader_path/Frameworks";
				PRODUCT_BUNDLE_IDENTIFIER = Meakelra.MeakelraTests;
				PRODUCT_NAME = "$(TARGET_NAME)";
				TEST_HOST = "$(BUILT_PRODUCTS_DIR)/Meakelra.app/Meakelra";
			};
			name = Release;
		};
		9B9142C81C076A9400D7ABF7 /* Debug */ = {
			isa = XCBuildConfiguration;
			buildSettings = {
				INFOPLIST_FILE = MeakelraUITests/Info.plist;
				LD_RUNPATH_SEARCH_PATHS = "$(inherited) @executable_path/Frameworks @loader_path/Frameworks";
				PRODUCT_BUNDLE_IDENTIFIER = Meakelra.MeakelraUITests;
				PRODUCT_NAME = "$(TARGET_NAME)";
				TEST_TARGET_NAME = Meakelra;
				USES_XCTRUNNER = YES;
			};
			name = Debug;
		};
		9B9142C91C076A9400D7ABF7 /* Release */ = {
			isa = XCBuildConfiguration;
			buildSettings = {
				INFOPLIST_FILE = MeakelraUITests/Info.plist;
				LD_RUNPATH_SEARCH_PATHS = "$(inherited) @executable_path/Frameworks @loader_path/Frameworks";
				PRODUCT_BUNDLE_IDENTIFIER = Meakelra.MeakelraUITests;
				PRODUCT_NAME = "$(TARGET_NAME)";
				TEST_TARGET_NAME = Meakelra;
				USES_XCTRUNNER = YES;
			};
			name = Release;
		};
/* End XCBuildConfiguration section */

/* Begin XCConfigurationList section */
		9B91428F1C076A9400D7ABF7 /* Build configuration list for PBXProject "Meakelra" */ = {
			isa = XCConfigurationList;
			buildConfigurations = (
				9B9142BF1C076A9400D7ABF7 /* Debug */,
				9B9142C01C076A9400D7ABF7 /* Release */,
			);
			defaultConfigurationIsVisible = 0;
			defaultConfigurationName = Release;
		};
		9B9142C11C076A9400D7ABF7 /* Build configuration list for PBXNativeTarget "Meakelra" */ = {
			isa = XCConfigurationList;
			buildConfigurations = (
				9B9142C21C076A9400D7ABF7 /* Debug */,
				9B9142C31C076A9400D7ABF7 /* Release */,
			);
			defaultConfigurationIsVisible = 0;
			defaultConfigurationName = Release;
		};
		9B9142C41C076A9400D7ABF7 /* Build configuration list for PBXNativeTarget "MeakelraTests" */ = {
			isa = XCConfigurationList;
			buildConfigurations = (
				9B9142C51C076A9400D7ABF7 /* Debug */,
				9B9142C61C076A9400D7ABF7 /* Release */,
			);
			defaultConfigurationIsVisible = 0;
			defaultConfigurationName = Release;
		};
		9B9142C71C076A9400D7ABF7 /* Build configuration list for PBXNativeTarget "MeakelraUITests" */ = {
			isa = XCConfigurationList;
			buildConfigurations = (
				9B9142C81C076A9400D7ABF7 /* Debug */,
				9B9142C91C076A9400D7ABF7 /* Release */,
			);
			defaultConfigurationIsVisible = 0;
			defaultConfigurationName = Release;
		};
/* End XCConfigurationList section */
	};
	rootObject = 9B91428C1C076A9400D7ABF7 /* Project object */;
}
